// !$*UTF8*$!
{
	archiveVersion = 1;
	classes = {
	};
	objectVersion = 55;
	objects = {

/* Begin PBXBuildFile section */
		33A49E6028D6CAB3003D4B22 /* GoogleService-Info.plist in Resources */ = {isa = PBXBuildFile; fileRef = 33A49E5F28D6CAB3003D4B22 /* GoogleService-Info.plist */; };
		33A49E6128D6CAB3003D4B22 /* GoogleService-Info.plist in Resources */ = {isa = PBXBuildFile; fileRef = 33A49E5F28D6CAB3003D4B22 /* GoogleService-Info.plist */; };
		33EDDC2928D461E900AB4185 /* WelcomeView.swift in Sources */ = {isa = PBXBuildFile; fileRef = 33EDDC2828D461E900AB4185 /* WelcomeView.swift */; };
		33EDDC2B28D461F200AB4185 /* LoadingView.swift in Sources */ = {isa = PBXBuildFile; fileRef = 33EDDC2A28D461F200AB4185 /* LoadingView.swift */; };
		33EDDC2D28D4620100AB4185 /* AnimationLoadingView.swift in Sources */ = {isa = PBXBuildFile; fileRef = 33EDDC2C28D4620100AB4185 /* AnimationLoadingView.swift */; };
		33EDDC3028D4622300AB4185 /* fire.json in Resources */ = {isa = PBXBuildFile; fileRef = 33EDDC2F28D4622300AB4185 /* fire.json */; };
		33EDDC3228D4623100AB4185 /* WelcomeViewModel.swift in Sources */ = {isa = PBXBuildFile; fileRef = 33EDDC3128D4623100AB4185 /* WelcomeViewModel.swift */; };
		33EDDC3528D462C500AB4185 /* Lottie in Frameworks */ = {isa = PBXBuildFile; productRef = 33EDDC3428D462C500AB4185 /* Lottie */; };
		7601171828CD9B08000D2898 /* AddImageView.swift in Sources */ = {isa = PBXBuildFile; fileRef = 7601171728CD9B08000D2898 /* AddImageView.swift */; };
		7601171928CD9B09000D2898 /* AddImageView.swift in Sources */ = {isa = PBXBuildFile; fileRef = 7601171728CD9B08000D2898 /* AddImageView.swift */; };
		76469B0B28D5C66D0031DD19 /* ChatViewModel.swift in Sources */ = {isa = PBXBuildFile; fileRef = 76469B0A28D5C66D0031DD19 /* ChatViewModel.swift */; };
		76469B0D28D699760031DD19 /* Conversation.swift in Sources */ = {isa = PBXBuildFile; fileRef = 76469B0C28D699760031DD19 /* Conversation.swift */; };
		76469B0F28D69A200031DD19 /* ConversationViewModel.swift in Sources */ = {isa = PBXBuildFile; fileRef = 76469B0E28D69A200031DD19 /* ConversationViewModel.swift */; };
		76469B1128D6B5C70031DD19 /* Message.swift in Sources */ = {isa = PBXBuildFile; fileRef = 76469B1028D6B5C70031DD19 /* Message.swift */; };
		76469B1328D6B68B0031DD19 /* MessageViewModel.swift in Sources */ = {isa = PBXBuildFile; fileRef = 76469B1228D6B68B0031DD19 /* MessageViewModel.swift */; };
		76BA710428CDCFB600142E7F /* Assets.xcassets in Resources */ = {isa = PBXBuildFile; fileRef = 76BA710328CDCFB500142E7F /* Assets.xcassets */; };
		76BEB67928C1C0A300B0C48B /* TinderApp.swift in Sources */ = {isa = PBXBuildFile; fileRef = 76BEB66928C1C09C00B0C48B /* TinderApp.swift */; };
		76BEB67A28C1C0A300B0C48B /* TinderApp.swift in Sources */ = {isa = PBXBuildFile; fileRef = 76BEB66928C1C09C00B0C48B /* TinderApp.swift */; };
		76BEB67B28C1C0A300B0C48B /* ContentView.swift in Sources */ = {isa = PBXBuildFile; fileRef = 76BEB66A28C1C09C00B0C48B /* ContentView.swift */; };
		76BEB67C28C1C0A300B0C48B /* ContentView.swift in Sources */ = {isa = PBXBuildFile; fileRef = 76BEB66A28C1C09C00B0C48B /* ContentView.swift */; };
		76BEB68A28C1C1FE00B0C48B /* UserSignUpViewModel.swift in Sources */ = {isa = PBXBuildFile; fileRef = 76BEB68928C1C1FE00B0C48B /* UserSignUpViewModel.swift */; };
		76BEB68C28C1C23200B0C48B /* UserProfile.swift in Sources */ = {isa = PBXBuildFile; fileRef = 76BEB68B28C1C23200B0C48B /* UserProfile.swift */; };
		76BEB68E28C1C3E600B0C48B /* SignUpView.swift in Sources */ = {isa = PBXBuildFile; fileRef = 76BEB68D28C1C3E600B0C48B /* SignUpView.swift */; };
		76BEB69128C1C76900B0C48B /* UsernameValidation.swift in Sources */ = {isa = PBXBuildFile; fileRef = 76BEB69028C1C76900B0C48B /* UsernameValidation.swift */; };
		76CD374828C1D93C004AEE97 /* PasswordValidation.swift in Sources */ = {isa = PBXBuildFile; fileRef = 76CD374728C1D93C004AEE97 /* PasswordValidation.swift */; };
		76CD374A28C1DA0C004AEE97 /* ConfirmPasswordValidation.swift in Sources */ = {isa = PBXBuildFile; fileRef = 76CD374928C1DA0C004AEE97 /* ConfirmPasswordValidation.swift */; };
		76CD374C28C1E61D004AEE97 /* SignInView.swift in Sources */ = {isa = PBXBuildFile; fileRef = 76CD374B28C1E61D004AEE97 /* SignInView.swift */; };
		76CD375828C1E915004AEE97 /* FirebaseAnalyticsWithoutAdIdSupport in Frameworks */ = {isa = PBXBuildFile; productRef = 76CD375728C1E915004AEE97 /* FirebaseAnalyticsWithoutAdIdSupport */; };
		76CD375A28C1E915004AEE97 /* FirebaseAppCheck in Frameworks */ = {isa = PBXBuildFile; productRef = 76CD375928C1E915004AEE97 /* FirebaseAppCheck */; };
		76CD375C28C1E915004AEE97 /* FirebaseAppDistribution-Beta in Frameworks */ = {isa = PBXBuildFile; productRef = 76CD375B28C1E915004AEE97 /* FirebaseAppDistribution-Beta */; };
		76CD375E28C1E915004AEE97 /* FirebaseAuth in Frameworks */ = {isa = PBXBuildFile; productRef = 76CD375D28C1E915004AEE97 /* FirebaseAuth */; };
		76CD376028C1E915004AEE97 /* FirebaseAuthCombine-Community in Frameworks */ = {isa = PBXBuildFile; productRef = 76CD375F28C1E915004AEE97 /* FirebaseAuthCombine-Community */; };
		76CD376228C1E915004AEE97 /* FirebaseCrashlytics in Frameworks */ = {isa = PBXBuildFile; productRef = 76CD376128C1E915004AEE97 /* FirebaseCrashlytics */; };
		76CD376428C1E915004AEE97 /* FirebaseDatabase in Frameworks */ = {isa = PBXBuildFile; productRef = 76CD376328C1E915004AEE97 /* FirebaseDatabase */; };
		76CD376628C1E915004AEE97 /* FirebaseDatabaseSwift in Frameworks */ = {isa = PBXBuildFile; productRef = 76CD376528C1E915004AEE97 /* FirebaseDatabaseSwift */; };
		76CD376828C1E915004AEE97 /* FirebaseDynamicLinks in Frameworks */ = {isa = PBXBuildFile; productRef = 76CD376728C1E915004AEE97 /* FirebaseDynamicLinks */; };
		76CD376A28C1E915004AEE97 /* FirebaseFirestore in Frameworks */ = {isa = PBXBuildFile; productRef = 76CD376928C1E915004AEE97 /* FirebaseFirestore */; };
		76CD376C28C1E915004AEE97 /* FirebaseFirestoreCombine-Community in Frameworks */ = {isa = PBXBuildFile; productRef = 76CD376B28C1E915004AEE97 /* FirebaseFirestoreCombine-Community */; };
		76CD376E28C1E915004AEE97 /* FirebaseFirestoreSwift in Frameworks */ = {isa = PBXBuildFile; productRef = 76CD376D28C1E915004AEE97 /* FirebaseFirestoreSwift */; };
		76CD377028C1E915004AEE97 /* FirebaseFunctions in Frameworks */ = {isa = PBXBuildFile; productRef = 76CD376F28C1E915004AEE97 /* FirebaseFunctions */; };
		76CD377228C1E915004AEE97 /* FirebaseFunctionsCombine-Community in Frameworks */ = {isa = PBXBuildFile; productRef = 76CD377128C1E915004AEE97 /* FirebaseFunctionsCombine-Community */; };
		76CD377828C1E915004AEE97 /* FirebaseInstallations in Frameworks */ = {isa = PBXBuildFile; productRef = 76CD377728C1E915004AEE97 /* FirebaseInstallations */; };
		76CD377A28C1E915004AEE97 /* FirebaseMLModelDownloader in Frameworks */ = {isa = PBXBuildFile; productRef = 76CD377928C1E915004AEE97 /* FirebaseMLModelDownloader */; };
		76CD377C28C1E915004AEE97 /* FirebaseMessaging in Frameworks */ = {isa = PBXBuildFile; productRef = 76CD377B28C1E915004AEE97 /* FirebaseMessaging */; };
		76CD377E28C1E915004AEE97 /* FirebasePerformance in Frameworks */ = {isa = PBXBuildFile; productRef = 76CD377D28C1E915004AEE97 /* FirebasePerformance */; };
		76CD378028C1E915004AEE97 /* FirebaseRemoteConfig in Frameworks */ = {isa = PBXBuildFile; productRef = 76CD377F28C1E915004AEE97 /* FirebaseRemoteConfig */; };
		76CD378228C1E915004AEE97 /* FirebaseRemoteConfigSwift in Frameworks */ = {isa = PBXBuildFile; productRef = 76CD378128C1E915004AEE97 /* FirebaseRemoteConfigSwift */; };
		76CD378428C1E915004AEE97 /* FirebaseStorage in Frameworks */ = {isa = PBXBuildFile; productRef = 76CD378328C1E915004AEE97 /* FirebaseStorage */; };
		76CD378628C1E915004AEE97 /* FirebaseStorageCombine-Community in Frameworks */ = {isa = PBXBuildFile; productRef = 76CD378528C1E915004AEE97 /* FirebaseStorageCombine-Community */; };
		76CD378828C1F313004AEE97 /* UserSignInViewModel.swift in Sources */ = {isa = PBXBuildFile; fileRef = 76CD378728C1F313004AEE97 /* UserSignInViewModel.swift */; };
		76CD378928C1F313004AEE97 /* UserSignInViewModel.swift in Sources */ = {isa = PBXBuildFile; fileRef = 76CD378728C1F313004AEE97 /* UserSignInViewModel.swift */; };
		76CD378B28C200B8004AEE97 /* HomeView.swift in Sources */ = {isa = PBXBuildFile; fileRef = 76CD378A28C200B7004AEE97 /* HomeView.swift */; };
		76CD378E28C31FAC004AEE97 /* ProfileRegistrationView.swift in Sources */ = {isa = PBXBuildFile; fileRef = 76CD378D28C31FAC004AEE97 /* ProfileRegistrationView.swift */; };
		76CD378F28C31FAC004AEE97 /* ProfileRegistrationView.swift in Sources */ = {isa = PBXBuildFile; fileRef = 76CD378D28C31FAC004AEE97 /* ProfileRegistrationView.swift */; };
		76CD379128C3212C004AEE97 /* ProfileRegistrationViewModel.swift in Sources */ = {isa = PBXBuildFile; fileRef = 76CD379028C3212C004AEE97 /* ProfileRegistrationViewModel.swift */; };
		76CD379228C3212C004AEE97 /* ProfileRegistrationViewModel.swift in Sources */ = {isa = PBXBuildFile; fileRef = 76CD379028C3212C004AEE97 /* ProfileRegistrationViewModel.swift */; };
		76CD379528C32421004AEE97 /* SwiftExtensions.swift in Sources */ = {isa = PBXBuildFile; fileRef = 76CD379428C32421004AEE97 /* SwiftExtensions.swift */; };
		76CD379628C32421004AEE97 /* SwiftExtensions.swift in Sources */ = {isa = PBXBuildFile; fileRef = 76CD379428C32421004AEE97 /* SwiftExtensions.swift */; };
		E0A1BBCA28D755E300CF2753 /* ChatBotViewRow.swift in Sources */ = {isa = PBXBuildFile; fileRef = E0A1BBC928D755E300CF2753 /* ChatBotViewRow.swift */; };
		E0A48CC928D07AB7007AFC83 /* DiscoverView.swift in Sources */ = {isa = PBXBuildFile; fileRef = E0A48CC828D07AB7007AFC83 /* DiscoverView.swift */; };
		E0A48CCB28D07AD9007AFC83 /* SeeWhoLikesYouView.swift in Sources */ = {isa = PBXBuildFile; fileRef = E0A48CCA28D07AD9007AFC83 /* SeeWhoLikesYouView.swift */; };
		E0A48CCD28D07AEA007AFC83 /* ChatView.swift in Sources */ = {isa = PBXBuildFile; fileRef = E0A48CCC28D07AEA007AFC83 /* ChatView.swift */; };
		E0A48CCF28D07AFD007AFC83 /* ProfileView.swift in Sources */ = {isa = PBXBuildFile; fileRef = E0A48CCE28D07AFD007AFC83 /* ProfileView.swift */; };
		E0A48CD128D0837D007AFC83 /* MainView.swift in Sources */ = {isa = PBXBuildFile; fileRef = E0A48CD028D0837D007AFC83 /* MainView.swift */; };
		E0A48CD428D08576007AFC83 /* CardsSection.swift in Sources */ = {isa = PBXBuildFile; fileRef = E0A48CD328D08576007AFC83 /* CardsSection.swift */; };
		E0A48CD628D08584007AFC83 /* CardView.swift in Sources */ = {isa = PBXBuildFile; fileRef = E0A48CD528D08584007AFC83 /* CardView.swift */; };
		E0A48CD828D085ED007AFC83 /* ButtonSection.swift in Sources */ = {isa = PBXBuildFile; fileRef = E0A48CD728D085ED007AFC83 /* ButtonSection.swift */; };
		E0A48CDA28D08702007AFC83 /* Card.swift in Sources */ = {isa = PBXBuildFile; fileRef = E0A48CD928D08702007AFC83 /* Card.swift */; };
		E0A48CDD28D08E37007AFC83 /* ChatViewRow.swift in Sources */ = {isa = PBXBuildFile; fileRef = E0A48CDC28D08E37007AFC83 /* ChatViewRow.swift */; };
		E0A48CDF28D08E43007AFC83 /* ChatViewScreen.swift in Sources */ = {isa = PBXBuildFile; fileRef = E0A48CDE28D08E43007AFC83 /* ChatViewScreen.swift */; };
		E0A48CE128D08E54007AFC83 /* CharBotViewScreen.swift in Sources */ = {isa = PBXBuildFile; fileRef = E0A48CE028D08E54007AFC83 /* CharBotViewScreen.swift */; };
		E0A48CE328D08E65007AFC83 /* BotResponse.swift in Sources */ = {isa = PBXBuildFile; fileRef = E0A48CE228D08E65007AFC83 /* BotResponse.swift */; };
		E0A48CE728D09338007AFC83 /* EditProfileView.swift in Sources */ = {isa = PBXBuildFile; fileRef = E0A48CE528D09338007AFC83 /* EditProfileView.swift */; };
		E0A48CE828D09338007AFC83 /* ProfilePreviewView.swift in Sources */ = {isa = PBXBuildFile; fileRef = E0A48CE628D09338007AFC83 /* ProfilePreviewView.swift */; };
		E0A48CEE28D093A9007AFC83 /* SaveAccountCenterView.swift in Sources */ = {isa = PBXBuildFile; fileRef = E0A48CEC28D093A9007AFC83 /* SaveAccountCenterView.swift */; };
		E0A48CEF28D093A9007AFC83 /* GuideView.swift in Sources */ = {isa = PBXBuildFile; fileRef = E0A48CED28D093A9007AFC83 /* GuideView.swift */; };
		E0A48CF228D093C0007AFC83 /* ResourcesProfileView.swift in Sources */ = {isa = PBXBuildFile; fileRef = E0A48CF028D093C0007AFC83 /* ResourcesProfileView.swift */; };
		E0A48CF328D093C0007AFC83 /* ToolProfileView.swift in Sources */ = {isa = PBXBuildFile; fileRef = E0A48CF128D093C0007AFC83 /* ToolProfileView.swift */; };
		E0A48CF728D093E6007AFC83 /* GuideChild1.swift in Sources */ = {isa = PBXBuildFile; fileRef = E0A48CF528D093E6007AFC83 /* GuideChild1.swift */; };
		E0A48CF828D093E6007AFC83 /* GuideChild2.swift in Sources */ = {isa = PBXBuildFile; fileRef = E0A48CF628D093E6007AFC83 /* GuideChild2.swift */; };
		E0A48CFB28D09402007AFC83 /* ToolChild.swift in Sources */ = {isa = PBXBuildFile; fileRef = E0A48CFA28D09401007AFC83 /* ToolChild.swift */; };
		E0A48CFF28D09AA7007AFC83 /* MainViewModel.swift in Sources */ = {isa = PBXBuildFile; fileRef = E0A48CFE28D09AA7007AFC83 /* MainViewModel.swift */; };
		E0A48D0228D0A1EC007AFC83 /* Matcher.swift in Sources */ = {isa = PBXBuildFile; fileRef = E0A48D0128D0A1EC007AFC83 /* Matcher.swift */; };
		E0CC6BA328CDD5EE009C76BA /* Modifiers.swift in Sources */ = {isa = PBXBuildFile; fileRef = 76BA710128CDBC1000142E7F /* Modifiers.swift */; };
		E0CC6BAE28CDD8CB009C76BA /* InputBirthDay.swift in Sources */ = {isa = PBXBuildFile; fileRef = E0CC6BAA28CDD8CB009C76BA /* InputBirthDay.swift */; };
		E0CC6BAF28CDD8CB009C76BA /* InputBirthDay.swift in Sources */ = {isa = PBXBuildFile; fileRef = E0CC6BAA28CDD8CB009C76BA /* InputBirthDay.swift */; };
		E0CC6BB028CDD8CB009C76BA /* ChooseGenderView.swift in Sources */ = {isa = PBXBuildFile; fileRef = E0CC6BAB28CDD8CB009C76BA /* ChooseGenderView.swift */; };
		E0CC6BB128CDD8CB009C76BA /* ChooseGenderView.swift in Sources */ = {isa = PBXBuildFile; fileRef = E0CC6BAB28CDD8CB009C76BA /* ChooseGenderView.swift */; };
		E0CC6BB228CDD8CB009C76BA /* MyFavouriteView.swift in Sources */ = {isa = PBXBuildFile; fileRef = E0CC6BAC28CDD8CB009C76BA /* MyFavouriteView.swift */; };
		E0CC6BB328CDD8CB009C76BA /* MyFavouriteView.swift in Sources */ = {isa = PBXBuildFile; fileRef = E0CC6BAC28CDD8CB009C76BA /* MyFavouriteView.swift */; };
		E0CC6BB428CDD8CB009C76BA /* InputNameView.swift in Sources */ = {isa = PBXBuildFile; fileRef = E0CC6BAD28CDD8CB009C76BA /* InputNameView.swift */; };
		E0CC6BB528CDD8CB009C76BA /* InputNameView.swift in Sources */ = {isa = PBXBuildFile; fileRef = E0CC6BAD28CDD8CB009C76BA /* InputNameView.swift */; };
		E0CC6BB828CEDAF9009C76BA /* ImagePickerView in Frameworks */ = {isa = PBXBuildFile; productRef = E0CC6BB728CEDAF9009C76BA /* ImagePickerView */; };
		E0CD08F028CF3190005FAC1E /* PrivateView.swift in Sources */ = {isa = PBXBuildFile; fileRef = E0CD08EF28CF3190005FAC1E /* PrivateView.swift */; };
		E0CD08F128CF3190005FAC1E /* PrivateView.swift in Sources */ = {isa = PBXBuildFile; fileRef = E0CD08EF28CF3190005FAC1E /* PrivateView.swift */; };
		E0CD08F328CF319F005FAC1E /* PublicView.swift in Sources */ = {isa = PBXBuildFile; fileRef = E0CD08F228CF319F005FAC1E /* PublicView.swift */; };
		E0CD08F428CF319F005FAC1E /* PublicView.swift in Sources */ = {isa = PBXBuildFile; fileRef = E0CD08F228CF319F005FAC1E /* PublicView.swift */; };
/* End PBXBuildFile section */

/* Begin PBXFileReference section */
		33A49E5F28D6CAB3003D4B22 /* GoogleService-Info.plist */ = {isa = PBXFileReference; fileEncoding = 4; lastKnownFileType = text.plist.xml; path = "GoogleService-Info.plist"; sourceTree = "<group>"; };
		33EDDC2828D461E900AB4185 /* WelcomeView.swift */ = {isa = PBXFileReference; fileEncoding = 4; lastKnownFileType = sourcecode.swift; path = WelcomeView.swift; sourceTree = "<group>"; };
		33EDDC2A28D461F200AB4185 /* LoadingView.swift */ = {isa = PBXFileReference; fileEncoding = 4; lastKnownFileType = sourcecode.swift; path = LoadingView.swift; sourceTree = "<group>"; };
		33EDDC2C28D4620100AB4185 /* AnimationLoadingView.swift */ = {isa = PBXFileReference; fileEncoding = 4; lastKnownFileType = sourcecode.swift; path = AnimationLoadingView.swift; sourceTree = "<group>"; };
		33EDDC2F28D4622300AB4185 /* fire.json */ = {isa = PBXFileReference; fileEncoding = 4; lastKnownFileType = text.json; path = fire.json; sourceTree = "<group>"; };
		33EDDC3128D4623100AB4185 /* WelcomeViewModel.swift */ = {isa = PBXFileReference; fileEncoding = 4; lastKnownFileType = sourcecode.swift; path = WelcomeViewModel.swift; sourceTree = "<group>"; };
		7601171728CD9B08000D2898 /* AddImageView.swift */ = {isa = PBXFileReference; lastKnownFileType = sourcecode.swift; path = AddImageView.swift; sourceTree = "<group>"; };
		76469B0A28D5C66D0031DD19 /* ChatViewModel.swift */ = {isa = PBXFileReference; lastKnownFileType = sourcecode.swift; path = ChatViewModel.swift; sourceTree = "<group>"; };
		76469B0C28D699760031DD19 /* Conversation.swift */ = {isa = PBXFileReference; lastKnownFileType = sourcecode.swift; path = Conversation.swift; sourceTree = "<group>"; };
		76469B0E28D69A200031DD19 /* ConversationViewModel.swift */ = {isa = PBXFileReference; lastKnownFileType = sourcecode.swift; path = ConversationViewModel.swift; sourceTree = "<group>"; };
		76469B1028D6B5C70031DD19 /* Message.swift */ = {isa = PBXFileReference; lastKnownFileType = sourcecode.swift; path = Message.swift; sourceTree = "<group>"; };
		76469B1228D6B68B0031DD19 /* MessageViewModel.swift */ = {isa = PBXFileReference; lastKnownFileType = sourcecode.swift; path = MessageViewModel.swift; sourceTree = "<group>"; };
		76BA710128CDBC1000142E7F /* Modifiers.swift */ = {isa = PBXFileReference; lastKnownFileType = sourcecode.swift; path = Modifiers.swift; sourceTree = "<group>"; };
		76BA710328CDCFB500142E7F /* Assets.xcassets */ = {isa = PBXFileReference; lastKnownFileType = folder.assetcatalog; path = Assets.xcassets; sourceTree = "<group>"; };
		76BEB66928C1C09C00B0C48B /* TinderApp.swift */ = {isa = PBXFileReference; lastKnownFileType = sourcecode.swift; path = TinderApp.swift; sourceTree = "<group>"; };
		76BEB66A28C1C09C00B0C48B /* ContentView.swift */ = {isa = PBXFileReference; lastKnownFileType = sourcecode.swift; path = ContentView.swift; sourceTree = "<group>"; };
		76BEB67028C1C0A300B0C48B /* TinderApp.app */ = {isa = PBXFileReference; explicitFileType = wrapper.application; includeInIndex = 0; path = TinderApp.app; sourceTree = BUILT_PRODUCTS_DIR; };
		76BEB67628C1C0A300B0C48B /* TinderApp.app */ = {isa = PBXFileReference; explicitFileType = wrapper.application; includeInIndex = 0; path = TinderApp.app; sourceTree = BUILT_PRODUCTS_DIR; };
		76BEB67828C1C0A300B0C48B /* macOS.entitlements */ = {isa = PBXFileReference; lastKnownFileType = text.plist.entitlements; path = macOS.entitlements; sourceTree = "<group>"; };
		76BEB68928C1C1FE00B0C48B /* UserSignUpViewModel.swift */ = {isa = PBXFileReference; lastKnownFileType = sourcecode.swift; path = UserSignUpViewModel.swift; sourceTree = "<group>"; };
		76BEB68B28C1C23200B0C48B /* UserProfile.swift */ = {isa = PBXFileReference; lastKnownFileType = sourcecode.swift; path = UserProfile.swift; sourceTree = "<group>"; };
		76BEB68D28C1C3E600B0C48B /* SignUpView.swift */ = {isa = PBXFileReference; lastKnownFileType = sourcecode.swift; path = SignUpView.swift; sourceTree = "<group>"; };
		76BEB69028C1C76900B0C48B /* UsernameValidation.swift */ = {isa = PBXFileReference; lastKnownFileType = sourcecode.swift; path = UsernameValidation.swift; sourceTree = "<group>"; };
		76CD374728C1D93C004AEE97 /* PasswordValidation.swift */ = {isa = PBXFileReference; lastKnownFileType = sourcecode.swift; path = PasswordValidation.swift; sourceTree = "<group>"; };
		76CD374928C1DA0C004AEE97 /* ConfirmPasswordValidation.swift */ = {isa = PBXFileReference; lastKnownFileType = sourcecode.swift; path = ConfirmPasswordValidation.swift; sourceTree = "<group>"; };
		76CD374B28C1E61D004AEE97 /* SignInView.swift */ = {isa = PBXFileReference; lastKnownFileType = sourcecode.swift; path = SignInView.swift; sourceTree = "<group>"; };
		76CD378728C1F313004AEE97 /* UserSignInViewModel.swift */ = {isa = PBXFileReference; lastKnownFileType = sourcecode.swift; path = UserSignInViewModel.swift; sourceTree = "<group>"; };
		76CD378A28C200B7004AEE97 /* HomeView.swift */ = {isa = PBXFileReference; lastKnownFileType = sourcecode.swift; path = HomeView.swift; sourceTree = "<group>"; };
		76CD378D28C31FAC004AEE97 /* ProfileRegistrationView.swift */ = {isa = PBXFileReference; lastKnownFileType = sourcecode.swift; path = ProfileRegistrationView.swift; sourceTree = "<group>"; };
		76CD379028C3212C004AEE97 /* ProfileRegistrationViewModel.swift */ = {isa = PBXFileReference; lastKnownFileType = sourcecode.swift; path = ProfileRegistrationViewModel.swift; sourceTree = "<group>"; };
		76CD379428C32421004AEE97 /* SwiftExtensions.swift */ = {isa = PBXFileReference; lastKnownFileType = sourcecode.swift; path = SwiftExtensions.swift; sourceTree = "<group>"; };
		E0A1BBC928D755E300CF2753 /* ChatBotViewRow.swift */ = {isa = PBXFileReference; lastKnownFileType = sourcecode.swift; path = ChatBotViewRow.swift; sourceTree = "<group>"; };
		E0A48CC828D07AB7007AFC83 /* DiscoverView.swift */ = {isa = PBXFileReference; lastKnownFileType = sourcecode.swift; path = DiscoverView.swift; sourceTree = "<group>"; };
		E0A48CCA28D07AD9007AFC83 /* SeeWhoLikesYouView.swift */ = {isa = PBXFileReference; lastKnownFileType = sourcecode.swift; path = SeeWhoLikesYouView.swift; sourceTree = "<group>"; };
		E0A48CCC28D07AEA007AFC83 /* ChatView.swift */ = {isa = PBXFileReference; lastKnownFileType = sourcecode.swift; path = ChatView.swift; sourceTree = "<group>"; };
		E0A48CCE28D07AFD007AFC83 /* ProfileView.swift */ = {isa = PBXFileReference; lastKnownFileType = sourcecode.swift; path = ProfileView.swift; sourceTree = "<group>"; };
		E0A48CD028D0837D007AFC83 /* MainView.swift */ = {isa = PBXFileReference; lastKnownFileType = sourcecode.swift; path = MainView.swift; sourceTree = "<group>"; };
		E0A48CD328D08576007AFC83 /* CardsSection.swift */ = {isa = PBXFileReference; lastKnownFileType = sourcecode.swift; path = CardsSection.swift; sourceTree = "<group>"; };
		E0A48CD528D08584007AFC83 /* CardView.swift */ = {isa = PBXFileReference; lastKnownFileType = sourcecode.swift; path = CardView.swift; sourceTree = "<group>"; };
		E0A48CD728D085ED007AFC83 /* ButtonSection.swift */ = {isa = PBXFileReference; lastKnownFileType = sourcecode.swift; path = ButtonSection.swift; sourceTree = "<group>"; };
		E0A48CD928D08702007AFC83 /* Card.swift */ = {isa = PBXFileReference; lastKnownFileType = sourcecode.swift; path = Card.swift; sourceTree = "<group>"; };
		E0A48CDC28D08E37007AFC83 /* ChatViewRow.swift */ = {isa = PBXFileReference; lastKnownFileType = sourcecode.swift; path = ChatViewRow.swift; sourceTree = "<group>"; };
		E0A48CDE28D08E43007AFC83 /* ChatViewScreen.swift */ = {isa = PBXFileReference; lastKnownFileType = sourcecode.swift; path = ChatViewScreen.swift; sourceTree = "<group>"; };
		E0A48CE028D08E54007AFC83 /* CharBotViewScreen.swift */ = {isa = PBXFileReference; lastKnownFileType = sourcecode.swift; path = CharBotViewScreen.swift; sourceTree = "<group>"; };
		E0A48CE228D08E65007AFC83 /* BotResponse.swift */ = {isa = PBXFileReference; lastKnownFileType = sourcecode.swift; path = BotResponse.swift; sourceTree = "<group>"; };
		E0A48CE528D09338007AFC83 /* EditProfileView.swift */ = {isa = PBXFileReference; fileEncoding = 4; lastKnownFileType = sourcecode.swift; path = EditProfileView.swift; sourceTree = "<group>"; };
		E0A48CE628D09338007AFC83 /* ProfilePreviewView.swift */ = {isa = PBXFileReference; fileEncoding = 4; lastKnownFileType = sourcecode.swift; path = ProfilePreviewView.swift; sourceTree = "<group>"; };
		E0A48CEC28D093A9007AFC83 /* SaveAccountCenterView.swift */ = {isa = PBXFileReference; fileEncoding = 4; lastKnownFileType = sourcecode.swift; path = SaveAccountCenterView.swift; sourceTree = "<group>"; };
		E0A48CED28D093A9007AFC83 /* GuideView.swift */ = {isa = PBXFileReference; fileEncoding = 4; lastKnownFileType = sourcecode.swift; path = GuideView.swift; sourceTree = "<group>"; };
		E0A48CF028D093C0007AFC83 /* ResourcesProfileView.swift */ = {isa = PBXFileReference; fileEncoding = 4; lastKnownFileType = sourcecode.swift; path = ResourcesProfileView.swift; sourceTree = "<group>"; };
		E0A48CF128D093C0007AFC83 /* ToolProfileView.swift */ = {isa = PBXFileReference; fileEncoding = 4; lastKnownFileType = sourcecode.swift; path = ToolProfileView.swift; sourceTree = "<group>"; };
		E0A48CF528D093E6007AFC83 /* GuideChild1.swift */ = {isa = PBXFileReference; fileEncoding = 4; lastKnownFileType = sourcecode.swift; path = GuideChild1.swift; sourceTree = "<group>"; };
		E0A48CF628D093E6007AFC83 /* GuideChild2.swift */ = {isa = PBXFileReference; fileEncoding = 4; lastKnownFileType = sourcecode.swift; path = GuideChild2.swift; sourceTree = "<group>"; };
		E0A48CFA28D09401007AFC83 /* ToolChild.swift */ = {isa = PBXFileReference; fileEncoding = 4; lastKnownFileType = sourcecode.swift; path = ToolChild.swift; sourceTree = "<group>"; };
		E0A48CFE28D09AA7007AFC83 /* MainViewModel.swift */ = {isa = PBXFileReference; lastKnownFileType = sourcecode.swift; path = MainViewModel.swift; sourceTree = "<group>"; };
		E0A48D0128D0A1EC007AFC83 /* Matcher.swift */ = {isa = PBXFileReference; lastKnownFileType = sourcecode.swift; path = Matcher.swift; sourceTree = "<group>"; };
		E0CC6BAA28CDD8CB009C76BA /* InputBirthDay.swift */ = {isa = PBXFileReference; fileEncoding = 4; lastKnownFileType = sourcecode.swift; path = InputBirthDay.swift; sourceTree = "<group>"; };
		E0CC6BAB28CDD8CB009C76BA /* ChooseGenderView.swift */ = {isa = PBXFileReference; fileEncoding = 4; lastKnownFileType = sourcecode.swift; path = ChooseGenderView.swift; sourceTree = "<group>"; };
		E0CC6BAC28CDD8CB009C76BA /* MyFavouriteView.swift */ = {isa = PBXFileReference; fileEncoding = 4; lastKnownFileType = sourcecode.swift; path = MyFavouriteView.swift; sourceTree = "<group>"; };
		E0CC6BAD28CDD8CB009C76BA /* InputNameView.swift */ = {isa = PBXFileReference; fileEncoding = 4; lastKnownFileType = sourcecode.swift; path = InputNameView.swift; sourceTree = "<group>"; };
		E0CD08EF28CF3190005FAC1E /* PrivateView.swift */ = {isa = PBXFileReference; lastKnownFileType = sourcecode.swift; path = PrivateView.swift; sourceTree = "<group>"; };
		E0CD08F228CF319F005FAC1E /* PublicView.swift */ = {isa = PBXFileReference; lastKnownFileType = sourcecode.swift; path = PublicView.swift; sourceTree = "<group>"; };
/* End PBXFileReference section */

/* Begin PBXFrameworksBuildPhase section */
		76BEB66D28C1C0A300B0C48B /* Frameworks */ = {
			isa = PBXFrameworksBuildPhase;
			buildActionMask = 2147483647;
			files = (
				76CD376428C1E915004AEE97 /* FirebaseDatabase in Frameworks */,
				76CD377228C1E915004AEE97 /* FirebaseFunctionsCombine-Community in Frameworks */,
				76CD376A28C1E915004AEE97 /* FirebaseFirestore in Frameworks */,
				76CD377A28C1E915004AEE97 /* FirebaseMLModelDownloader in Frameworks */,
				76CD376E28C1E915004AEE97 /* FirebaseFirestoreSwift in Frameworks */,
				76CD375A28C1E915004AEE97 /* FirebaseAppCheck in Frameworks */,
				33EDDC3528D462C500AB4185 /* Lottie in Frameworks */,
				76CD375828C1E915004AEE97 /* FirebaseAnalyticsWithoutAdIdSupport in Frameworks */,
				76CD375E28C1E915004AEE97 /* FirebaseAuth in Frameworks */,
				E0CC6BB828CEDAF9009C76BA /* ImagePickerView in Frameworks */,
				76CD376228C1E915004AEE97 /* FirebaseCrashlytics in Frameworks */,
				76CD378228C1E915004AEE97 /* FirebaseRemoteConfigSwift in Frameworks */,
				76CD376628C1E915004AEE97 /* FirebaseDatabaseSwift in Frameworks */,
				76CD377028C1E915004AEE97 /* FirebaseFunctions in Frameworks */,
				76CD378628C1E915004AEE97 /* FirebaseStorageCombine-Community in Frameworks */,
				76CD378028C1E915004AEE97 /* FirebaseRemoteConfig in Frameworks */,
				76CD375C28C1E915004AEE97 /* FirebaseAppDistribution-Beta in Frameworks */,
				76CD376028C1E915004AEE97 /* FirebaseAuthCombine-Community in Frameworks */,
				76CD377E28C1E915004AEE97 /* FirebasePerformance in Frameworks */,
				76CD378428C1E915004AEE97 /* FirebaseStorage in Frameworks */,
				76CD376828C1E915004AEE97 /* FirebaseDynamicLinks in Frameworks */,
				76CD376C28C1E915004AEE97 /* FirebaseFirestoreCombine-Community in Frameworks */,
				76CD377C28C1E915004AEE97 /* FirebaseMessaging in Frameworks */,
				76CD377828C1E915004AEE97 /* FirebaseInstallations in Frameworks */,
			);
			runOnlyForDeploymentPostprocessing = 0;
		};
		76BEB67328C1C0A300B0C48B /* Frameworks */ = {
			isa = PBXFrameworksBuildPhase;
			buildActionMask = 2147483647;
			files = (
			);
			runOnlyForDeploymentPostprocessing = 0;
		};
/* End PBXFrameworksBuildPhase section */

/* Begin PBXGroup section */
		33EDDC2E28D4620900AB4185 /* AnimationJSONFile */ = {
			isa = PBXGroup;
			children = (
				33EDDC2F28D4622300AB4185 /* fire.json */,
			);
			path = AnimationJSONFile;
			sourceTree = "<group>";
		};
		76BA710028CDBBFC00142E7F /* Helper */ = {
			isa = PBXGroup;
			children = (
				33EDDC2E28D4620900AB4185 /* AnimationJSONFile */,
				33EDDC2C28D4620100AB4185 /* AnimationLoadingView.swift */,
				76BA710128CDBC1000142E7F /* Modifiers.swift */,
			);
			path = Helper;
			sourceTree = "<group>";
		};
		76BEB66328C1C09C00B0C48B = {
			isa = PBXGroup;
			children = (
				33A49E5F28D6CAB3003D4B22 /* GoogleService-Info.plist */,
				76BA710328CDCFB500142E7F /* Assets.xcassets */,
				76BEB66828C1C09C00B0C48B /* Shared */,
				76BEB67728C1C0A300B0C48B /* macOS */,
				76BEB67128C1C0A300B0C48B /* Products */,
				E0CC6BB628CEDAF9009C76BA /* Frameworks */,
			);
			sourceTree = "<group>";
		};
		76BEB66828C1C09C00B0C48B /* Shared */ = {
			isa = PBXGroup;
			children = (
				76BA710028CDBBFC00142E7F /* Helper */,
				76CD379328C3240E004AEE97 /* Extensions */,
				76CD374328C1CB49004AEE97 /* View */,
				76BEB68F28C1C75300B0C48B /* Utility */,
				76BEB68828C1C0F100B0C48B /* Model */,
				76BEB68728C1C0BE00B0C48B /* ModelView */,
				76BEB66928C1C09C00B0C48B /* TinderApp.swift */,
				76BEB66A28C1C09C00B0C48B /* ContentView.swift */,
			);
			path = Shared;
			sourceTree = "<group>";
		};
		76BEB67128C1C0A300B0C48B /* Products */ = {
			isa = PBXGroup;
			children = (
				76BEB67028C1C0A300B0C48B /* TinderApp.app */,
				76BEB67628C1C0A300B0C48B /* TinderApp.app */,
			);
			name = Products;
			sourceTree = "<group>";
		};
		76BEB67728C1C0A300B0C48B /* macOS */ = {
			isa = PBXGroup;
			children = (
				76BEB67828C1C0A300B0C48B /* macOS.entitlements */,
			);
			path = macOS;
			sourceTree = "<group>";
		};
		76BEB68728C1C0BE00B0C48B /* ModelView */ = {
			isa = PBXGroup;
			children = (
				33EDDC3128D4623100AB4185 /* WelcomeViewModel.swift */,
				76BEB68928C1C1FE00B0C48B /* UserSignUpViewModel.swift */,
				76CD379028C3212C004AEE97 /* ProfileRegistrationViewModel.swift */,
				76CD378728C1F313004AEE97 /* UserSignInViewModel.swift */,
				E0A48CFE28D09AA7007AFC83 /* MainViewModel.swift */,
				76469B0A28D5C66D0031DD19 /* ChatViewModel.swift */,
				76469B0E28D69A200031DD19 /* ConversationViewModel.swift */,
				76469B1228D6B68B0031DD19 /* MessageViewModel.swift */,
			);
			path = ModelView;
			sourceTree = "<group>";
		};
		76BEB68828C1C0F100B0C48B /* Model */ = {
			isa = PBXGroup;
			children = (
				76BEB68B28C1C23200B0C48B /* UserProfile.swift */,
				E0A48CD928D08702007AFC83 /* Card.swift */,
				E0A48D0128D0A1EC007AFC83 /* Matcher.swift */,
				76469B0C28D699760031DD19 /* Conversation.swift */,
				76469B1028D6B5C70031DD19 /* Message.swift */,
			);
			path = Model;
			sourceTree = "<group>";
		};
		76BEB68F28C1C75300B0C48B /* Utility */ = {
			isa = PBXGroup;
			children = (
				76BEB69028C1C76900B0C48B /* UsernameValidation.swift */,
				76CD374728C1D93C004AEE97 /* PasswordValidation.swift */,
				76CD374928C1DA0C004AEE97 /* ConfirmPasswordValidation.swift */,
			);
			path = Utility;
			sourceTree = "<group>";
		};
		76CD374328C1CB49004AEE97 /* View */ = {
			isa = PBXGroup;
			children = (
				33EDDC2A28D461F200AB4185 /* LoadingView.swift */,
				33EDDC2828D461E900AB4185 /* WelcomeView.swift */,
				E0A48CC728D07AA0007AFC83 /* MainViewGroup */,
				E0CC6BA928CDD8B2009C76BA /* SignUpViewGroup */,
				76BEB68D28C1C3E600B0C48B /* SignUpView.swift */,
				76CD374B28C1E61D004AEE97 /* SignInView.swift */,
				76CD378D28C31FAC004AEE97 /* ProfileRegistrationView.swift */,
				E0CD08EF28CF3190005FAC1E /* PrivateView.swift */,
				E0CD08F228CF319F005FAC1E /* PublicView.swift */,
				E0A48CD028D0837D007AFC83 /* MainView.swift */,
			);
			path = View;
			sourceTree = "<group>";
		};
		76CD379328C3240E004AEE97 /* Extensions */ = {
			isa = PBXGroup;
			children = (
				76CD379428C32421004AEE97 /* SwiftExtensions.swift */,
			);
			path = Extensions;
			sourceTree = "<group>";
		};
		E0A48CC728D07AA0007AFC83 /* MainViewGroup */ = {
			isa = PBXGroup;
			children = (
				E0A48CE428D09318007AFC83 /* ProfileViewGroup */,
				E0A48CDB28D08A8E007AFC83 /* ChatViewGroup */,
				E0A48CD228D08555007AFC83 /* HomeViewGroup */,
				E0A48CC828D07AB7007AFC83 /* DiscoverView.swift */,
				E0A48CCA28D07AD9007AFC83 /* SeeWhoLikesYouView.swift */,
			);
			path = MainViewGroup;
			sourceTree = "<group>";
		};
		E0A48CD228D08555007AFC83 /* HomeViewGroup */ = {
			isa = PBXGroup;
			children = (
				76CD378A28C200B7004AEE97 /* HomeView.swift */,
				E0A48CD328D08576007AFC83 /* CardsSection.swift */,
				E0A48CD528D08584007AFC83 /* CardView.swift */,
				E0A48CD728D085ED007AFC83 /* ButtonSection.swift */,
			);
			path = HomeViewGroup;
			sourceTree = "<group>";
		};
		E0A48CDB28D08A8E007AFC83 /* ChatViewGroup */ = {
			isa = PBXGroup;
			children = (
				E0A48CCC28D07AEA007AFC83 /* ChatView.swift */,
				E0A48CDC28D08E37007AFC83 /* ChatViewRow.swift */,
				E0A48CDE28D08E43007AFC83 /* ChatViewScreen.swift */,
				E0A48CE028D08E54007AFC83 /* CharBotViewScreen.swift */,
				E0A48CE228D08E65007AFC83 /* BotResponse.swift */,
				E0A1BBC928D755E300CF2753 /* ChatBotViewRow.swift */,
			);
			path = ChatViewGroup;
			sourceTree = "<group>";
		};
		E0A48CE428D09318007AFC83 /* ProfileViewGroup */ = {
			isa = PBXGroup;
			children = (
				E0A48CEB28D09383007AFC83 /* SaveAccountViewGroup */,
				E0A48CCE28D07AFD007AFC83 /* ProfileView.swift */,
				E0A48CE528D09338007AFC83 /* EditProfileView.swift */,
				E0A48CE628D09338007AFC83 /* ProfilePreviewView.swift */,
			);
			path = ProfileViewGroup;
			sourceTree = "<group>";
		};
		E0A48CEB28D09383007AFC83 /* SaveAccountViewGroup */ = {
			isa = PBXGroup;
			children = (
				E0A48CF928D093F0007AFC83 /* ToolChild */,
				E0A48CF428D093CA007AFC83 /* GuideChildViewGroup */,
				E0A48CF028D093C0007AFC83 /* ResourcesProfileView.swift */,
				E0A48CF128D093C0007AFC83 /* ToolProfileView.swift */,
				E0A48CED28D093A9007AFC83 /* GuideView.swift */,
				E0A48CEC28D093A9007AFC83 /* SaveAccountCenterView.swift */,
			);
			path = SaveAccountViewGroup;
			sourceTree = "<group>";
		};
		E0A48CF428D093CA007AFC83 /* GuideChildViewGroup */ = {
			isa = PBXGroup;
			children = (
				E0A48CF528D093E6007AFC83 /* GuideChild1.swift */,
				E0A48CF628D093E6007AFC83 /* GuideChild2.swift */,
			);
			path = GuideChildViewGroup;
			sourceTree = "<group>";
		};
		E0A48CF928D093F0007AFC83 /* ToolChild */ = {
			isa = PBXGroup;
			children = (
				E0A48CFA28D09401007AFC83 /* ToolChild.swift */,
			);
			path = ToolChild;
			sourceTree = "<group>";
		};
		E0CC6BA928CDD8B2009C76BA /* SignUpViewGroup */ = {
			isa = PBXGroup;
			children = (
				E0CC6BAB28CDD8CB009C76BA /* ChooseGenderView.swift */,
				E0CC6BAA28CDD8CB009C76BA /* InputBirthDay.swift */,
				E0CC6BAD28CDD8CB009C76BA /* InputNameView.swift */,
				E0CC6BAC28CDD8CB009C76BA /* MyFavouriteView.swift */,
				7601171728CD9B08000D2898 /* AddImageView.swift */,
			);
			path = SignUpViewGroup;
			sourceTree = "<group>";
		};
		E0CC6BB628CEDAF9009C76BA /* Frameworks */ = {
			isa = PBXGroup;
			children = (
			);
			name = Frameworks;
			sourceTree = "<group>";
		};
/* End PBXGroup section */

/* Begin PBXNativeTarget section */
		76BEB66F28C1C0A300B0C48B /* TinderApp (iOS) */ = {
			isa = PBXNativeTarget;
			buildConfigurationList = 76BEB68128C1C0A300B0C48B /* Build configuration list for PBXNativeTarget "TinderApp (iOS)" */;
			buildPhases = (
				76BEB66C28C1C0A300B0C48B /* Sources */,
				76BEB66D28C1C0A300B0C48B /* Frameworks */,
				76BEB66E28C1C0A300B0C48B /* Resources */,
			);
			buildRules = (
			);
			dependencies = (
			);
			name = "TinderApp (iOS)";
			packageProductDependencies = (
				76CD375728C1E915004AEE97 /* FirebaseAnalyticsWithoutAdIdSupport */,
				76CD375928C1E915004AEE97 /* FirebaseAppCheck */,
				76CD375B28C1E915004AEE97 /* FirebaseAppDistribution-Beta */,
				76CD375D28C1E915004AEE97 /* FirebaseAuth */,
				76CD375F28C1E915004AEE97 /* FirebaseAuthCombine-Community */,
				76CD376128C1E915004AEE97 /* FirebaseCrashlytics */,
				76CD376328C1E915004AEE97 /* FirebaseDatabase */,
				76CD376528C1E915004AEE97 /* FirebaseDatabaseSwift */,
				76CD376728C1E915004AEE97 /* FirebaseDynamicLinks */,
				76CD376928C1E915004AEE97 /* FirebaseFirestore */,
				76CD376B28C1E915004AEE97 /* FirebaseFirestoreCombine-Community */,
				76CD376D28C1E915004AEE97 /* FirebaseFirestoreSwift */,
				76CD376F28C1E915004AEE97 /* FirebaseFunctions */,
				76CD377128C1E915004AEE97 /* FirebaseFunctionsCombine-Community */,
				76CD377728C1E915004AEE97 /* FirebaseInstallations */,
				76CD377928C1E915004AEE97 /* FirebaseMLModelDownloader */,
				76CD377B28C1E915004AEE97 /* FirebaseMessaging */,
				76CD377D28C1E915004AEE97 /* FirebasePerformance */,
				76CD377F28C1E915004AEE97 /* FirebaseRemoteConfig */,
				76CD378128C1E915004AEE97 /* FirebaseRemoteConfigSwift */,
				76CD378328C1E915004AEE97 /* FirebaseStorage */,
				76CD378528C1E915004AEE97 /* FirebaseStorageCombine-Community */,
				E0CC6BB728CEDAF9009C76BA /* ImagePickerView */,
				33EDDC3428D462C500AB4185 /* Lottie */,
			);
			productName = "TinderApp (iOS)";
			productReference = 76BEB67028C1C0A300B0C48B /* TinderApp.app */;
			productType = "com.apple.product-type.application";
		};
		76BEB67528C1C0A300B0C48B /* TinderApp (macOS) */ = {
			isa = PBXNativeTarget;
			buildConfigurationList = 76BEB68428C1C0A300B0C48B /* Build configuration list for PBXNativeTarget "TinderApp (macOS)" */;
			buildPhases = (
				76BEB67228C1C0A300B0C48B /* Sources */,
				76BEB67328C1C0A300B0C48B /* Frameworks */,
				76BEB67428C1C0A300B0C48B /* Resources */,
			);
			buildRules = (
			);
			dependencies = (
			);
			name = "TinderApp (macOS)";
			productName = "TinderApp (macOS)";
			productReference = 76BEB67628C1C0A300B0C48B /* TinderApp.app */;
			productType = "com.apple.product-type.application";
		};
/* End PBXNativeTarget section */

/* Begin PBXProject section */
		76BEB66428C1C09C00B0C48B /* Project object */ = {
			isa = PBXProject;
			attributes = {
				BuildIndependentTargetsInParallel = 1;
				LastSwiftUpdateCheck = 1340;
				LastUpgradeCheck = 1400;
				TargetAttributes = {
					76BEB66F28C1C0A300B0C48B = {
						CreatedOnToolsVersion = 13.4.1;
					};
					76BEB67528C1C0A300B0C48B = {
						CreatedOnToolsVersion = 13.4.1;
					};
				};
			};
			buildConfigurationList = 76BEB66728C1C09C00B0C48B /* Build configuration list for PBXProject "TinderApp" */;
			compatibilityVersion = "Xcode 13.0";
			developmentRegion = en;
			hasScannedForEncodings = 0;
			knownRegions = (
				en,
				Base,
			);
			mainGroup = 76BEB66328C1C09C00B0C48B;
			packageReferences = (
				76CD375028C1E915004AEE97 /* XCRemoteSwiftPackageReference "firebase-ios-sdk" */,
				7601171D28CDA351000D2898 /* XCRemoteSwiftPackageReference "ImagePickerView" */,
				33EDDC3328D462C500AB4185 /* XCRemoteSwiftPackageReference "lottie-ios" */,
			);
			productRefGroup = 76BEB67128C1C0A300B0C48B /* Products */;
			projectDirPath = "";
			projectRoot = "";
			targets = (
				76BEB66F28C1C0A300B0C48B /* TinderApp (iOS) */,
				76BEB67528C1C0A300B0C48B /* TinderApp (macOS) */,
			);
		};
/* End PBXProject section */

/* Begin PBXResourcesBuildPhase section */
		76BEB66E28C1C0A300B0C48B /* Resources */ = {
			isa = PBXResourcesBuildPhase;
			buildActionMask = 2147483647;
			files = (
				33EDDC3028D4622300AB4185 /* fire.json in Resources */,
				76BA710428CDCFB600142E7F /* Assets.xcassets in Resources */,
				33A49E6028D6CAB3003D4B22 /* GoogleService-Info.plist in Resources */,
			);
			runOnlyForDeploymentPostprocessing = 0;
		};
		76BEB67428C1C0A300B0C48B /* Resources */ = {
			isa = PBXResourcesBuildPhase;
			buildActionMask = 2147483647;
			files = (
				33A49E6128D6CAB3003D4B22 /* GoogleService-Info.plist in Resources */,
			);
			runOnlyForDeploymentPostprocessing = 0;
		};
/* End PBXResourcesBuildPhase section */

/* Begin PBXSourcesBuildPhase section */
		76BEB66C28C1C0A300B0C48B /* Sources */ = {
			isa = PBXSourcesBuildPhase;
			buildActionMask = 2147483647;
			files = (
				E0CC6BA328CDD5EE009C76BA /* Modifiers.swift in Sources */,
				33EDDC3228D4623100AB4185 /* WelcomeViewModel.swift in Sources */,
				76CD374C28C1E61D004AEE97 /* SignInView.swift in Sources */,
				E0CC6BB428CDD8CB009C76BA /* InputNameView.swift in Sources */,
				76CD378828C1F313004AEE97 /* UserSignInViewModel.swift in Sources */,
				E0A48CC928D07AB7007AFC83 /* DiscoverView.swift in Sources */,
				76469B0D28D699760031DD19 /* Conversation.swift in Sources */,
				33EDDC2B28D461F200AB4185 /* LoadingView.swift in Sources */,
				E0A48CF828D093E6007AFC83 /* GuideChild2.swift in Sources */,
				76BEB68C28C1C23200B0C48B /* UserProfile.swift in Sources */,
				E0A48CCB28D07AD9007AFC83 /* SeeWhoLikesYouView.swift in Sources */,
				E0CD08F328CF319F005FAC1E /* PublicView.swift in Sources */,
				E0A48CDA28D08702007AFC83 /* Card.swift in Sources */,
				7601171828CD9B08000D2898 /* AddImageView.swift in Sources */,
				76CD378E28C31FAC004AEE97 /* ProfileRegistrationView.swift in Sources */,
				E0A1BBCA28D755E300CF2753 /* ChatBotViewRow.swift in Sources */,
				E0CC6BB028CDD8CB009C76BA /* ChooseGenderView.swift in Sources */,
				E0A48CDF28D08E43007AFC83 /* ChatViewScreen.swift in Sources */,
				E0A48CF728D093E6007AFC83 /* GuideChild1.swift in Sources */,
				33EDDC2D28D4620100AB4185 /* AnimationLoadingView.swift in Sources */,
				76BEB68A28C1C1FE00B0C48B /* UserSignUpViewModel.swift in Sources */,
				E0A48CFB28D09402007AFC83 /* ToolChild.swift in Sources */,
				76469B1128D6B5C70031DD19 /* Message.swift in Sources */,
				76469B1328D6B68B0031DD19 /* MessageViewModel.swift in Sources */,
				76BEB69128C1C76900B0C48B /* UsernameValidation.swift in Sources */,
				76CD378B28C200B8004AEE97 /* HomeView.swift in Sources */,
				E0A48CE828D09338007AFC83 /* ProfilePreviewView.swift in Sources */,
				E0A48CCF28D07AFD007AFC83 /* ProfileView.swift in Sources */,
				E0A48CEF28D093A9007AFC83 /* GuideView.swift in Sources */,
				E0A48CF328D093C0007AFC83 /* ToolProfileView.swift in Sources */,
				E0A48CD628D08584007AFC83 /* CardView.swift in Sources */,
				E0A48D0228D0A1EC007AFC83 /* Matcher.swift in Sources */,
				76469B0F28D69A200031DD19 /* ConversationViewModel.swift in Sources */,
				E0A48CF228D093C0007AFC83 /* ResourcesProfileView.swift in Sources */,
				E0A48CE728D09338007AFC83 /* EditProfileView.swift in Sources */,
				E0A48CD428D08576007AFC83 /* CardsSection.swift in Sources */,
				E0CC6BB228CDD8CB009C76BA /* MyFavouriteView.swift in Sources */,
				E0A48CEE28D093A9007AFC83 /* SaveAccountCenterView.swift in Sources */,
				76CD379128C3212C004AEE97 /* ProfileRegistrationViewModel.swift in Sources */,
				76BEB67B28C1C0A300B0C48B /* ContentView.swift in Sources */,
				E0A48CCD28D07AEA007AFC83 /* ChatView.swift in Sources */,
				E0A48CD128D0837D007AFC83 /* MainView.swift in Sources */,
				E0CD08F028CF3190005FAC1E /* PrivateView.swift in Sources */,
				E0A48CD828D085ED007AFC83 /* ButtonSection.swift in Sources */,
				E0A48CFF28D09AA7007AFC83 /* MainViewModel.swift in Sources */,
				76469B0B28D5C66D0031DD19 /* ChatViewModel.swift in Sources */,
				76BEB68E28C1C3E600B0C48B /* SignUpView.swift in Sources */,
				76CD374828C1D93C004AEE97 /* PasswordValidation.swift in Sources */,
				E0CC6BAE28CDD8CB009C76BA /* InputBirthDay.swift in Sources */,
				76CD374A28C1DA0C004AEE97 /* ConfirmPasswordValidation.swift in Sources */,
				E0A48CE328D08E65007AFC83 /* BotResponse.swift in Sources */,
				E0A48CE128D08E54007AFC83 /* CharBotViewScreen.swift in Sources */,
				76BEB67928C1C0A300B0C48B /* TinderApp.swift in Sources */,
				76CD379528C32421004AEE97 /* SwiftExtensions.swift in Sources */,
				E0A48CDD28D08E37007AFC83 /* ChatViewRow.swift in Sources */,
				33EDDC2928D461E900AB4185 /* WelcomeView.swift in Sources */,
			);
			runOnlyForDeploymentPostprocessing = 0;
		};
		76BEB67228C1C0A300B0C48B /* Sources */ = {
			isa = PBXSourcesBuildPhase;
			buildActionMask = 2147483647;
			files = (
				76BEB67C28C1C0A300B0C48B /* ContentView.swift in Sources */,
				E0CD08F428CF319F005FAC1E /* PublicView.swift in Sources */,
				E0CC6BAF28CDD8CB009C76BA /* InputBirthDay.swift in Sources */,
				E0CD08F128CF3190005FAC1E /* PrivateView.swift in Sources */,
				76CD379228C3212C004AEE97 /* ProfileRegistrationViewModel.swift in Sources */,
				E0CC6BB328CDD8CB009C76BA /* MyFavouriteView.swift in Sources */,
				76CD378F28C31FAC004AEE97 /* ProfileRegistrationView.swift in Sources */,
				E0CC6BB528CDD8CB009C76BA /* InputNameView.swift in Sources */,
				7601171928CD9B09000D2898 /* AddImageView.swift in Sources */,
				E0CC6BB128CDD8CB009C76BA /* ChooseGenderView.swift in Sources */,
				76BEB67A28C1C0A300B0C48B /* TinderApp.swift in Sources */,
				76CD378928C1F313004AEE97 /* UserSignInViewModel.swift in Sources */,
				76CD379628C32421004AEE97 /* SwiftExtensions.swift in Sources */,
			);
			runOnlyForDeploymentPostprocessing = 0;
		};
/* End PBXSourcesBuildPhase section */

/* Begin XCBuildConfiguration section */
		76BEB67F28C1C0A300B0C48B /* Debug */ = {
			isa = XCBuildConfiguration;
			buildSettings = {
				ALWAYS_SEARCH_USER_PATHS = NO;
				CLANG_ANALYZER_NONNULL = YES;
				CLANG_ANALYZER_NUMBER_OBJECT_CONVERSION = YES_AGGRESSIVE;
				CLANG_CXX_LANGUAGE_STANDARD = "gnu++17";
				CLANG_ENABLE_MODULES = YES;
				CLANG_ENABLE_OBJC_ARC = YES;
				CLANG_ENABLE_OBJC_WEAK = YES;
				CLANG_WARN_BLOCK_CAPTURE_AUTORELEASING = YES;
				CLANG_WARN_BOOL_CONVERSION = YES;
				CLANG_WARN_COMMA = YES;
				CLANG_WARN_CONSTANT_CONVERSION = YES;
				CLANG_WARN_DEPRECATED_OBJC_IMPLEMENTATIONS = YES;
				CLANG_WARN_DIRECT_OBJC_ISA_USAGE = YES_ERROR;
				CLANG_WARN_DOCUMENTATION_COMMENTS = YES;
				CLANG_WARN_EMPTY_BODY = YES;
				CLANG_WARN_ENUM_CONVERSION = YES;
				CLANG_WARN_INFINITE_RECURSION = YES;
				CLANG_WARN_INT_CONVERSION = YES;
				CLANG_WARN_NON_LITERAL_NULL_CONVERSION = YES;
				CLANG_WARN_OBJC_IMPLICIT_RETAIN_SELF = YES;
				CLANG_WARN_OBJC_LITERAL_CONVERSION = YES;
				CLANG_WARN_OBJC_ROOT_CLASS = YES_ERROR;
				CLANG_WARN_QUOTED_INCLUDE_IN_FRAMEWORK_HEADER = YES;
				CLANG_WARN_RANGE_LOOP_ANALYSIS = YES;
				CLANG_WARN_STRICT_PROTOTYPES = YES;
				CLANG_WARN_SUSPICIOUS_MOVE = YES;
				CLANG_WARN_UNGUARDED_AVAILABILITY = YES_AGGRESSIVE;
				CLANG_WARN_UNREACHABLE_CODE = YES;
				CLANG_WARN__DUPLICATE_METHOD_MATCH = YES;
				COPY_PHASE_STRIP = NO;
				DEAD_CODE_STRIPPING = YES;
				DEBUG_INFORMATION_FORMAT = dwarf;
				ENABLE_STRICT_OBJC_MSGSEND = YES;
				ENABLE_TESTABILITY = YES;
				GCC_C_LANGUAGE_STANDARD = gnu11;
				GCC_DYNAMIC_NO_PIC = NO;
				GCC_NO_COMMON_BLOCKS = YES;
				GCC_OPTIMIZATION_LEVEL = 0;
				GCC_PREPROCESSOR_DEFINITIONS = (
					"DEBUG=1",
					"$(inherited)",
				);
				GCC_WARN_64_TO_32_BIT_CONVERSION = YES;
				GCC_WARN_ABOUT_RETURN_TYPE = YES_ERROR;
				GCC_WARN_UNDECLARED_SELECTOR = YES;
				GCC_WARN_UNINITIALIZED_AUTOS = YES_AGGRESSIVE;
				GCC_WARN_UNUSED_FUNCTION = YES;
				GCC_WARN_UNUSED_VARIABLE = YES;
				MTL_ENABLE_DEBUG_INFO = INCLUDE_SOURCE;
				MTL_FAST_MATH = YES;
				ONLY_ACTIVE_ARCH = YES;
				SWIFT_ACTIVE_COMPILATION_CONDITIONS = DEBUG;
				SWIFT_OPTIMIZATION_LEVEL = "-Onone";
			};
			name = Debug;
		};
		76BEB68028C1C0A300B0C48B /* Release */ = {
			isa = XCBuildConfiguration;
			buildSettings = {
				ALWAYS_SEARCH_USER_PATHS = NO;
				CLANG_ANALYZER_NONNULL = YES;
				CLANG_ANALYZER_NUMBER_OBJECT_CONVERSION = YES_AGGRESSIVE;
				CLANG_CXX_LANGUAGE_STANDARD = "gnu++17";
				CLANG_ENABLE_MODULES = YES;
				CLANG_ENABLE_OBJC_ARC = YES;
				CLANG_ENABLE_OBJC_WEAK = YES;
				CLANG_WARN_BLOCK_CAPTURE_AUTORELEASING = YES;
				CLANG_WARN_BOOL_CONVERSION = YES;
				CLANG_WARN_COMMA = YES;
				CLANG_WARN_CONSTANT_CONVERSION = YES;
				CLANG_WARN_DEPRECATED_OBJC_IMPLEMENTATIONS = YES;
				CLANG_WARN_DIRECT_OBJC_ISA_USAGE = YES_ERROR;
				CLANG_WARN_DOCUMENTATION_COMMENTS = YES;
				CLANG_WARN_EMPTY_BODY = YES;
				CLANG_WARN_ENUM_CONVERSION = YES;
				CLANG_WARN_INFINITE_RECURSION = YES;
				CLANG_WARN_INT_CONVERSION = YES;
				CLANG_WARN_NON_LITERAL_NULL_CONVERSION = YES;
				CLANG_WARN_OBJC_IMPLICIT_RETAIN_SELF = YES;
				CLANG_WARN_OBJC_LITERAL_CONVERSION = YES;
				CLANG_WARN_OBJC_ROOT_CLASS = YES_ERROR;
				CLANG_WARN_QUOTED_INCLUDE_IN_FRAMEWORK_HEADER = YES;
				CLANG_WARN_RANGE_LOOP_ANALYSIS = YES;
				CLANG_WARN_STRICT_PROTOTYPES = YES;
				CLANG_WARN_SUSPICIOUS_MOVE = YES;
				CLANG_WARN_UNGUARDED_AVAILABILITY = YES_AGGRESSIVE;
				CLANG_WARN_UNREACHABLE_CODE = YES;
				CLANG_WARN__DUPLICATE_METHOD_MATCH = YES;
				COPY_PHASE_STRIP = NO;
				DEAD_CODE_STRIPPING = YES;
				DEBUG_INFORMATION_FORMAT = "dwarf-with-dsym";
				ENABLE_NS_ASSERTIONS = NO;
				ENABLE_STRICT_OBJC_MSGSEND = YES;
				GCC_C_LANGUAGE_STANDARD = gnu11;
				GCC_NO_COMMON_BLOCKS = YES;
				GCC_WARN_64_TO_32_BIT_CONVERSION = YES;
				GCC_WARN_ABOUT_RETURN_TYPE = YES_ERROR;
				GCC_WARN_UNDECLARED_SELECTOR = YES;
				GCC_WARN_UNINITIALIZED_AUTOS = YES_AGGRESSIVE;
				GCC_WARN_UNUSED_FUNCTION = YES;
				GCC_WARN_UNUSED_VARIABLE = YES;
				MTL_ENABLE_DEBUG_INFO = NO;
				MTL_FAST_MATH = YES;
				SWIFT_COMPILATION_MODE = wholemodule;
				SWIFT_OPTIMIZATION_LEVEL = "-O";
			};
			name = Release;
		};
		76BEB68228C1C0A300B0C48B /* Debug */ = {
			isa = XCBuildConfiguration;
			buildSettings = {
				ASSETCATALOG_COMPILER_APPICON_NAME = AppIcon;
				ASSETCATALOG_COMPILER_GLOBAL_ACCENT_COLOR_NAME = AccentColor;
				CODE_SIGN_STYLE = Automatic;
				CURRENT_PROJECT_VERSION = 1;
				DEVELOPMENT_TEAM = 5Y8JGVT739;
				ENABLE_PREVIEWS = YES;
				GENERATE_INFOPLIST_FILE = YES;
				INFOPLIST_KEY_UIApplicationSceneManifest_Generation = YES;
				INFOPLIST_KEY_UIApplicationSupportsIndirectInputEvents = YES;
				INFOPLIST_KEY_UILaunchScreen_Generation = YES;
				INFOPLIST_KEY_UISupportedInterfaceOrientations_iPad = "UIInterfaceOrientationPortrait UIInterfaceOrientationPortraitUpsideDown UIInterfaceOrientationLandscapeLeft UIInterfaceOrientationLandscapeRight";
				INFOPLIST_KEY_UISupportedInterfaceOrientations_iPhone = "UIInterfaceOrientationPortrait UIInterfaceOrientationLandscapeLeft UIInterfaceOrientationLandscapeRight";
				IPHONEOS_DEPLOYMENT_TARGET = 15.5;
				LD_RUNPATH_SEARCH_PATHS = (
					"$(inherited)",
					"@executable_path/Frameworks",
				);
				MARKETING_VERSION = 1.0;
				PRODUCT_BUNDLE_IDENTIFIER = org.s3791159.TinderApp.dat;
				PRODUCT_NAME = TinderApp;
				SDKROOT = iphoneos;
				SWIFT_EMIT_LOC_STRINGS = YES;
				SWIFT_VERSION = 5.0;
				TARGETED_DEVICE_FAMILY = "1,2";
			};
			name = Debug;
		};
		76BEB68328C1C0A300B0C48B /* Release */ = {
			isa = XCBuildConfiguration;
			buildSettings = {
				ASSETCATALOG_COMPILER_APPICON_NAME = AppIcon;
				ASSETCATALOG_COMPILER_GLOBAL_ACCENT_COLOR_NAME = AccentColor;
				CODE_SIGN_STYLE = Automatic;
				CURRENT_PROJECT_VERSION = 1;
				DEVELOPMENT_TEAM = 5Y8JGVT739;
				ENABLE_PREVIEWS = YES;
				GENERATE_INFOPLIST_FILE = YES;
				INFOPLIST_KEY_UIApplicationSceneManifest_Generation = YES;
				INFOPLIST_KEY_UIApplicationSupportsIndirectInputEvents = YES;
				INFOPLIST_KEY_UILaunchScreen_Generation = YES;
				INFOPLIST_KEY_UISupportedInterfaceOrientations_iPad = "UIInterfaceOrientationPortrait UIInterfaceOrientationPortraitUpsideDown UIInterfaceOrientationLandscapeLeft UIInterfaceOrientationLandscapeRight";
				INFOPLIST_KEY_UISupportedInterfaceOrientations_iPhone = "UIInterfaceOrientationPortrait UIInterfaceOrientationLandscapeLeft UIInterfaceOrientationLandscapeRight";
				IPHONEOS_DEPLOYMENT_TARGET = 15.5;
				LD_RUNPATH_SEARCH_PATHS = (
					"$(inherited)",
					"@executable_path/Frameworks",
				);
				MARKETING_VERSION = 1.0;
				PRODUCT_BUNDLE_IDENTIFIER = org.s3791159.TinderApp.dat;
				PRODUCT_NAME = TinderApp;
				SDKROOT = iphoneos;
				SWIFT_EMIT_LOC_STRINGS = YES;
				SWIFT_VERSION = 5.0;
				TARGETED_DEVICE_FAMILY = "1,2";
				VALIDATE_PRODUCT = YES;
			};
			name = Release;
		};
		76BEB68528C1C0A300B0C48B /* Debug */ = {
			isa = XCBuildConfiguration;
			buildSettings = {
				ASSETCATALOG_COMPILER_APPICON_NAME = AppIcon;
				ASSETCATALOG_COMPILER_GLOBAL_ACCENT_COLOR_NAME = AccentColor;
				CODE_SIGN_ENTITLEMENTS = macOS/macOS.entitlements;
				CODE_SIGN_IDENTITY = "-";
				CODE_SIGN_STYLE = Automatic;
				COMBINE_HIDPI_IMAGES = YES;
				CURRENT_PROJECT_VERSION = 1;
				DEAD_CODE_STRIPPING = YES;
				ENABLE_PREVIEWS = YES;
				GENERATE_INFOPLIST_FILE = YES;
				INFOPLIST_KEY_NSHumanReadableCopyright = "";
				LD_RUNPATH_SEARCH_PATHS = (
					"$(inherited)",
					"@executable_path/../Frameworks",
				);
				MACOSX_DEPLOYMENT_TARGET = 12.3;
				MARKETING_VERSION = 1.0;
				PRODUCT_BUNDLE_IDENTIFIER = org.s3791159.TinderApp;
				PRODUCT_NAME = TinderApp;
				SDKROOT = macosx;
				SWIFT_EMIT_LOC_STRINGS = YES;
				SWIFT_VERSION = 5.0;
			};
			name = Debug;
		};
		76BEB68628C1C0A300B0C48B /* Release */ = {
			isa = XCBuildConfiguration;
			buildSettings = {
				ASSETCATALOG_COMPILER_APPICON_NAME = AppIcon;
				ASSETCATALOG_COMPILER_GLOBAL_ACCENT_COLOR_NAME = AccentColor;
				CODE_SIGN_ENTITLEMENTS = macOS/macOS.entitlements;
				CODE_SIGN_IDENTITY = "-";
				CODE_SIGN_STYLE = Automatic;
				COMBINE_HIDPI_IMAGES = YES;
				CURRENT_PROJECT_VERSION = 1;
				DEAD_CODE_STRIPPING = YES;
				ENABLE_PREVIEWS = YES;
				GENERATE_INFOPLIST_FILE = YES;
				INFOPLIST_KEY_NSHumanReadableCopyright = "";
				LD_RUNPATH_SEARCH_PATHS = (
					"$(inherited)",
					"@executable_path/../Frameworks",
				);
				MACOSX_DEPLOYMENT_TARGET = 12.3;
				MARKETING_VERSION = 1.0;
				PRODUCT_BUNDLE_IDENTIFIER = org.s3791159.TinderApp;
				PRODUCT_NAME = TinderApp;
				SDKROOT = macosx;
				SWIFT_EMIT_LOC_STRINGS = YES;
				SWIFT_VERSION = 5.0;
			};
			name = Release;
		};
/* End XCBuildConfiguration section */

/* Begin XCConfigurationList section */
		76BEB66728C1C09C00B0C48B /* Build configuration list for PBXProject "TinderApp" */ = {
			isa = XCConfigurationList;
			buildConfigurations = (
				76BEB67F28C1C0A300B0C48B /* Debug */,
				76BEB68028C1C0A300B0C48B /* Release */,
			);
			defaultConfigurationIsVisible = 0;
			defaultConfigurationName = Release;
		};
		76BEB68128C1C0A300B0C48B /* Build configuration list for PBXNativeTarget "TinderApp (iOS)" */ = {
			isa = XCConfigurationList;
			buildConfigurations = (
				76BEB68228C1C0A300B0C48B /* Debug */,
				76BEB68328C1C0A300B0C48B /* Release */,
			);
			defaultConfigurationIsVisible = 0;
			defaultConfigurationName = Release;
		};
		76BEB68428C1C0A300B0C48B /* Build configuration list for PBXNativeTarget "TinderApp (macOS)" */ = {
			isa = XCConfigurationList;
			buildConfigurations = (
				76BEB68528C1C0A300B0C48B /* Debug */,
				76BEB68628C1C0A300B0C48B /* Release */,
			);
			defaultConfigurationIsVisible = 0;
			defaultConfigurationName = Release;
		};
/* End XCConfigurationList section */

/* Begin XCRemoteSwiftPackageReference section */
		33EDDC3328D462C500AB4185 /* XCRemoteSwiftPackageReference "lottie-ios" */ = {
			isa = XCRemoteSwiftPackageReference;
			repositoryURL = "https://github.com/airbnb/lottie-ios.git";
			requirement = {
				kind = upToNextMajorVersion;
				minimumVersion = 3.0.0;
			};
		};
		7601171D28CDA351000D2898 /* XCRemoteSwiftPackageReference "ImagePickerView" */ = {
			isa = XCRemoteSwiftPackageReference;
			repositoryURL = "https://github.com/rebeloper/ImagePickerView.git";
			requirement = {
				kind = exactVersion;
				version = 0.2.0;
			};
		};
		76CD375028C1E915004AEE97 /* XCRemoteSwiftPackageReference "firebase-ios-sdk" */ = {
			isa = XCRemoteSwiftPackageReference;
			repositoryURL = "https://github.com/firebase/firebase-ios-sdk";
			requirement = {
				kind = upToNextMajorVersion;
				minimumVersion = 9.0.0;
			};
		};
/* End XCRemoteSwiftPackageReference section */

/* Begin XCSwiftPackageProductDependency section */
		33EDDC3428D462C500AB4185 /* Lottie */ = {
			isa = XCSwiftPackageProductDependency;
			package = 33EDDC3328D462C500AB4185 /* XCRemoteSwiftPackageReference "lottie-ios" */;
			productName = Lottie;
		};
		76CD375728C1E915004AEE97 /* FirebaseAnalyticsWithoutAdIdSupport */ = {
			isa = XCSwiftPackageProductDependency;
			package = 76CD375028C1E915004AEE97 /* XCRemoteSwiftPackageReference "firebase-ios-sdk" */;
			productName = FirebaseAnalyticsWithoutAdIdSupport;
		};
		76CD375928C1E915004AEE97 /* FirebaseAppCheck */ = {
			isa = XCSwiftPackageProductDependency;
			package = 76CD375028C1E915004AEE97 /* XCRemoteSwiftPackageReference "firebase-ios-sdk" */;
			productName = FirebaseAppCheck;
		};
		76CD375B28C1E915004AEE97 /* FirebaseAppDistribution-Beta */ = {
			isa = XCSwiftPackageProductDependency;
			package = 76CD375028C1E915004AEE97 /* XCRemoteSwiftPackageReference "firebase-ios-sdk" */;
			productName = "FirebaseAppDistribution-Beta";
		};
		76CD375D28C1E915004AEE97 /* FirebaseAuth */ = {
			isa = XCSwiftPackageProductDependency;
			package = 76CD375028C1E915004AEE97 /* XCRemoteSwiftPackageReference "firebase-ios-sdk" */;
			productName = FirebaseAuth;
		};
		76CD375F28C1E915004AEE97 /* FirebaseAuthCombine-Community */ = {
			isa = XCSwiftPackageProductDependency;
			package = 76CD375028C1E915004AEE97 /* XCRemoteSwiftPackageReference "firebase-ios-sdk" */;
			productName = "FirebaseAuthCombine-Community";
		};
		76CD376128C1E915004AEE97 /* FirebaseCrashlytics */ = {
			isa = XCSwiftPackageProductDependency;
			package = 76CD375028C1E915004AEE97 /* XCRemoteSwiftPackageReference "firebase-ios-sdk" */;
			productName = FirebaseCrashlytics;
		};
		76CD376328C1E915004AEE97 /* FirebaseDatabase */ = {
			isa = XCSwiftPackageProductDependency;
			package = 76CD375028C1E915004AEE97 /* XCRemoteSwiftPackageReference "firebase-ios-sdk" */;
			productName = FirebaseDatabase;
		};
		76CD376528C1E915004AEE97 /* FirebaseDatabaseSwift */ = {
			isa = XCSwiftPackageProductDependency;
			package = 76CD375028C1E915004AEE97 /* XCRemoteSwiftPackageReference "firebase-ios-sdk" */;
			productName = FirebaseDatabaseSwift;
		};
		76CD376728C1E915004AEE97 /* FirebaseDynamicLinks */ = {
			isa = XCSwiftPackageProductDependency;
			package = 76CD375028C1E915004AEE97 /* XCRemoteSwiftPackageReference "firebase-ios-sdk" */;
			productName = FirebaseDynamicLinks;
		};
		76CD376928C1E915004AEE97 /* FirebaseFirestore */ = {
			isa = XCSwiftPackageProductDependency;
			package = 76CD375028C1E915004AEE97 /* XCRemoteSwiftPackageReference "firebase-ios-sdk" */;
			productName = FirebaseFirestore;
		};
		76CD376B28C1E915004AEE97 /* FirebaseFirestoreCombine-Community */ = {
			isa = XCSwiftPackageProductDependency;
			package = 76CD375028C1E915004AEE97 /* XCRemoteSwiftPackageReference "firebase-ios-sdk" */;
			productName = "FirebaseFirestoreCombine-Community";
		};
		76CD376D28C1E915004AEE97 /* FirebaseFirestoreSwift */ = {
			isa = XCSwiftPackageProductDependency;
			package = 76CD375028C1E915004AEE97 /* XCRemoteSwiftPackageReference "firebase-ios-sdk" */;
			productName = FirebaseFirestoreSwift;
		};
		76CD376F28C1E915004AEE97 /* FirebaseFunctions */ = {
			isa = XCSwiftPackageProductDependency;
			package = 76CD375028C1E915004AEE97 /* XCRemoteSwiftPackageReference "firebase-ios-sdk" */;
			productName = FirebaseFunctions;
		};
		76CD377128C1E915004AEE97 /* FirebaseFunctionsCombine-Community */ = {
			isa = XCSwiftPackageProductDependency;
			package = 76CD375028C1E915004AEE97 /* XCRemoteSwiftPackageReference "firebase-ios-sdk" */;
			productName = "FirebaseFunctionsCombine-Community";
		};
		76CD377728C1E915004AEE97 /* FirebaseInstallations */ = {
			isa = XCSwiftPackageProductDependency;
			package = 76CD375028C1E915004AEE97 /* XCRemoteSwiftPackageReference "firebase-ios-sdk" */;
			productName = FirebaseInstallations;
		};
		76CD377928C1E915004AEE97 /* FirebaseMLModelDownloader */ = {
			isa = XCSwiftPackageProductDependency;
			package = 76CD375028C1E915004AEE97 /* XCRemoteSwiftPackageReference "firebase-ios-sdk" */;
			productName = FirebaseMLModelDownloader;
		};
		76CD377B28C1E915004AEE97 /* FirebaseMessaging */ = {
			isa = XCSwiftPackageProductDependency;
			package = 76CD375028C1E915004AEE97 /* XCRemoteSwiftPackageReference "firebase-ios-sdk" */;
			productName = FirebaseMessaging;
		};
		76CD377D28C1E915004AEE97 /* FirebasePerformance */ = {
			isa = XCSwiftPackageProductDependency;
			package = 76CD375028C1E915004AEE97 /* XCRemoteSwiftPackageReference "firebase-ios-sdk" */;
			productName = FirebasePerformance;
		};
		76CD377F28C1E915004AEE97 /* FirebaseRemoteConfig */ = {
			isa = XCSwiftPackageProductDependency;
			package = 76CD375028C1E915004AEE97 /* XCRemoteSwiftPackageReference "firebase-ios-sdk" */;
			productName = FirebaseRemoteConfig;
		};
		76CD378128C1E915004AEE97 /* FirebaseRemoteConfigSwift */ = {
			isa = XCSwiftPackageProductDependency;
			package = 76CD375028C1E915004AEE97 /* XCRemoteSwiftPackageReference "firebase-ios-sdk" */;
			productName = FirebaseRemoteConfigSwift;
		};
		76CD378328C1E915004AEE97 /* FirebaseStorage */ = {
			isa = XCSwiftPackageProductDependency;
			package = 76CD375028C1E915004AEE97 /* XCRemoteSwiftPackageReference "firebase-ios-sdk" */;
			productName = FirebaseStorage;
		};
		76CD378528C1E915004AEE97 /* FirebaseStorageCombine-Community */ = {
			isa = XCSwiftPackageProductDependency;
			package = 76CD375028C1E915004AEE97 /* XCRemoteSwiftPackageReference "firebase-ios-sdk" */;
			productName = "FirebaseStorageCombine-Community";
		};
		E0CC6BB728CEDAF9009C76BA /* ImagePickerView */ = {
			isa = XCSwiftPackageProductDependency;
			package = 7601171D28CDA351000D2898 /* XCRemoteSwiftPackageReference "ImagePickerView" */;
			productName = ImagePickerView;
		};
/* End XCSwiftPackageProductDependency section */
	};
	rootObject = 76BEB66428C1C09C00B0C48B /* Project object */;
}
