// !$*UTF8*$!
{
	archiveVersion = 1;
	classes = {
	};
	objectVersion = 55;
	objects = {

/* Begin PBXBuildFile section */
		76BEB67928C1C0A300B0C48B /* TinderApp.swift in Sources */ = {isa = PBXBuildFile; fileRef = 76BEB66928C1C09C00B0C48B /* TinderApp.swift */; };
		76BEB67A28C1C0A300B0C48B /* TinderApp.swift in Sources */ = {isa = PBXBuildFile; fileRef = 76BEB66928C1C09C00B0C48B /* TinderApp.swift */; };
		76BEB67B28C1C0A300B0C48B /* ContentView.swift in Sources */ = {isa = PBXBuildFile; fileRef = 76BEB66A28C1C09C00B0C48B /* ContentView.swift */; };
		76BEB67C28C1C0A300B0C48B /* ContentView.swift in Sources */ = {isa = PBXBuildFile; fileRef = 76BEB66A28C1C09C00B0C48B /* ContentView.swift */; };
		76BEB67D28C1C0A300B0C48B /* Assets.xcassets in Resources */ = {isa = PBXBuildFile; fileRef = 76BEB66B28C1C0A300B0C48B /* Assets.xcassets */; };
		76BEB67E28C1C0A300B0C48B /* Assets.xcassets in Resources */ = {isa = PBXBuildFile; fileRef = 76BEB66B28C1C0A300B0C48B /* Assets.xcassets */; };
		76BEB68A28C1C1FE00B0C48B /* UserSignUpViewModel.swift in Sources */ = {isa = PBXBuildFile; fileRef = 76BEB68928C1C1FE00B0C48B /* UserSignUpViewModel.swift */; };
		76BEB68C28C1C23200B0C48B /* User.swift in Sources */ = {isa = PBXBuildFile; fileRef = 76BEB68B28C1C23200B0C48B /* User.swift */; };
		76BEB68E28C1C3E600B0C48B /* SignUpView.swift in Sources */ = {isa = PBXBuildFile; fileRef = 76BEB68D28C1C3E600B0C48B /* SignUpView.swift */; };
		76BEB69128C1C76900B0C48B /* UsernameValidation.swift in Sources */ = {isa = PBXBuildFile; fileRef = 76BEB69028C1C76900B0C48B /* UsernameValidation.swift */; };
		76CD374828C1D93C004AEE97 /* PasswordValidation.swift in Sources */ = {isa = PBXBuildFile; fileRef = 76CD374728C1D93C004AEE97 /* PasswordValidation.swift */; };
		76CD374A28C1DA0C004AEE97 /* ConfirmPasswordValidation.swift in Sources */ = {isa = PBXBuildFile; fileRef = 76CD374928C1DA0C004AEE97 /* ConfirmPasswordValidation.swift */; };
		76CD374C28C1E61D004AEE97 /* SignInView.swift in Sources */ = {isa = PBXBuildFile; fileRef = 76CD374B28C1E61D004AEE97 /* SignInView.swift */; };
		76CD374E28C1E7D3004AEE97 /* GoogleService-Info.plist in Resources */ = {isa = PBXBuildFile; fileRef = 76CD374D28C1E7D3004AEE97 /* GoogleService-Info.plist */; };
		76CD374F28C1E7D3004AEE97 /* GoogleService-Info.plist in Resources */ = {isa = PBXBuildFile; fileRef = 76CD374D28C1E7D3004AEE97 /* GoogleService-Info.plist */; };
		76CD375228C1E915004AEE97 /* FirebaseAnalytics in Frameworks */ = {isa = PBXBuildFile; productRef = 76CD375128C1E915004AEE97 /* FirebaseAnalytics */; };
		76CD375428C1E915004AEE97 /* FirebaseAnalyticsOnDeviceConversion in Frameworks */ = {isa = PBXBuildFile; productRef = 76CD375328C1E915004AEE97 /* FirebaseAnalyticsOnDeviceConversion */; };
		76CD375628C1E915004AEE97 /* FirebaseAnalyticsSwift in Frameworks */ = {isa = PBXBuildFile; productRef = 76CD375528C1E915004AEE97 /* FirebaseAnalyticsSwift */; };
		76CD375828C1E915004AEE97 /* FirebaseAnalyticsWithoutAdIdSupport in Frameworks */ = {isa = PBXBuildFile; productRef = 76CD375728C1E915004AEE97 /* FirebaseAnalyticsWithoutAdIdSupport */; };
		76CD375A28C1E915004AEE97 /* FirebaseAppCheck in Frameworks */ = {isa = PBXBuildFile; productRef = 76CD375928C1E915004AEE97 /* FirebaseAppCheck */; };
		76CD375C28C1E915004AEE97 /* FirebaseAppDistribution-Beta in Frameworks */ = {isa = PBXBuildFile; productRef = 76CD375B28C1E915004AEE97 /* FirebaseAppDistribution-Beta */; };
		76CD375E28C1E915004AEE97 /* FirebaseAuth in Frameworks */ = {isa = PBXBuildFile; productRef = 76CD375D28C1E915004AEE97 /* FirebaseAuth */; };
		76CD376028C1E915004AEE97 /* FirebaseAuthCombine-Community in Frameworks */ = {isa = PBXBuildFile; productRef = 76CD375F28C1E915004AEE97 /* FirebaseAuthCombine-Community */; };
		76CD376228C1E915004AEE97 /* FirebaseCrashlytics in Frameworks */ = {isa = PBXBuildFile; productRef = 76CD376128C1E915004AEE97 /* FirebaseCrashlytics */; };
		76CD376428C1E915004AEE97 /* FirebaseDatabase in Frameworks */ = {isa = PBXBuildFile; productRef = 76CD376328C1E915004AEE97 /* FirebaseDatabase */; };
		76CD376628C1E915004AEE97 /* FirebaseDatabaseSwift in Frameworks */ = {isa = PBXBuildFile; productRef = 76CD376528C1E915004AEE97 /* FirebaseDatabaseSwift */; };
		76CD376828C1E915004AEE97 /* FirebaseDynamicLinks in Frameworks */ = {isa = PBXBuildFile; productRef = 76CD376728C1E915004AEE97 /* FirebaseDynamicLinks */; };
		76CD376A28C1E915004AEE97 /* FirebaseFirestore in Frameworks */ = {isa = PBXBuildFile; productRef = 76CD376928C1E915004AEE97 /* FirebaseFirestore */; };
		76CD376C28C1E915004AEE97 /* FirebaseFirestoreCombine-Community in Frameworks */ = {isa = PBXBuildFile; productRef = 76CD376B28C1E915004AEE97 /* FirebaseFirestoreCombine-Community */; };
		76CD376E28C1E915004AEE97 /* FirebaseFirestoreSwift in Frameworks */ = {isa = PBXBuildFile; productRef = 76CD376D28C1E915004AEE97 /* FirebaseFirestoreSwift */; };
		76CD377028C1E915004AEE97 /* FirebaseFunctions in Frameworks */ = {isa = PBXBuildFile; productRef = 76CD376F28C1E915004AEE97 /* FirebaseFunctions */; };
		76CD377228C1E915004AEE97 /* FirebaseFunctionsCombine-Community in Frameworks */ = {isa = PBXBuildFile; productRef = 76CD377128C1E915004AEE97 /* FirebaseFunctionsCombine-Community */; };
		76CD377428C1E915004AEE97 /* FirebaseInAppMessaging-Beta in Frameworks */ = {isa = PBXBuildFile; productRef = 76CD377328C1E915004AEE97 /* FirebaseInAppMessaging-Beta */; };
		76CD377628C1E915004AEE97 /* FirebaseInAppMessagingSwift-Beta in Frameworks */ = {isa = PBXBuildFile; productRef = 76CD377528C1E915004AEE97 /* FirebaseInAppMessagingSwift-Beta */; };
		76CD377828C1E915004AEE97 /* FirebaseInstallations in Frameworks */ = {isa = PBXBuildFile; productRef = 76CD377728C1E915004AEE97 /* FirebaseInstallations */; };
		76CD377A28C1E915004AEE97 /* FirebaseMLModelDownloader in Frameworks */ = {isa = PBXBuildFile; productRef = 76CD377928C1E915004AEE97 /* FirebaseMLModelDownloader */; };
		76CD377C28C1E915004AEE97 /* FirebaseMessaging in Frameworks */ = {isa = PBXBuildFile; productRef = 76CD377B28C1E915004AEE97 /* FirebaseMessaging */; };
		76CD377E28C1E915004AEE97 /* FirebasePerformance in Frameworks */ = {isa = PBXBuildFile; productRef = 76CD377D28C1E915004AEE97 /* FirebasePerformance */; };
		76CD378028C1E915004AEE97 /* FirebaseRemoteConfig in Frameworks */ = {isa = PBXBuildFile; productRef = 76CD377F28C1E915004AEE97 /* FirebaseRemoteConfig */; };
		76CD378228C1E915004AEE97 /* FirebaseRemoteConfigSwift in Frameworks */ = {isa = PBXBuildFile; productRef = 76CD378128C1E915004AEE97 /* FirebaseRemoteConfigSwift */; };
		76CD378428C1E915004AEE97 /* FirebaseStorage in Frameworks */ = {isa = PBXBuildFile; productRef = 76CD378328C1E915004AEE97 /* FirebaseStorage */; };
		76CD378628C1E915004AEE97 /* FirebaseStorageCombine-Community in Frameworks */ = {isa = PBXBuildFile; productRef = 76CD378528C1E915004AEE97 /* FirebaseStorageCombine-Community */; };
		76CD378828C1F313004AEE97 /* UserSignInViewModel.swift in Sources */ = {isa = PBXBuildFile; fileRef = 76CD378728C1F313004AEE97 /* UserSignInViewModel.swift */; };
		76CD378928C1F313004AEE97 /* UserSignInViewModel.swift in Sources */ = {isa = PBXBuildFile; fileRef = 76CD378728C1F313004AEE97 /* UserSignInViewModel.swift */; };
		76CD378B28C200B8004AEE97 /* HomeView.swift in Sources */ = {isa = PBXBuildFile; fileRef = 76CD378A28C200B7004AEE97 /* HomeView.swift */; };
		76CD378C28C200B8004AEE97 /* HomeView.swift in Sources */ = {isa = PBXBuildFile; fileRef = 76CD378A28C200B7004AEE97 /* HomeView.swift */; };
/* End PBXBuildFile section */

/* Begin PBXFileReference section */
		76BEB66928C1C09C00B0C48B /* TinderApp.swift */ = {isa = PBXFileReference; lastKnownFileType = sourcecode.swift; path = TinderApp.swift; sourceTree = "<group>"; };
		76BEB66A28C1C09C00B0C48B /* ContentView.swift */ = {isa = PBXFileReference; lastKnownFileType = sourcecode.swift; path = ContentView.swift; sourceTree = "<group>"; };
		76BEB66B28C1C0A300B0C48B /* Assets.xcassets */ = {isa = PBXFileReference; lastKnownFileType = folder.assetcatalog; path = Assets.xcassets; sourceTree = "<group>"; };
		76BEB67028C1C0A300B0C48B /* TinderApp.app */ = {isa = PBXFileReference; explicitFileType = wrapper.application; includeInIndex = 0; path = TinderApp.app; sourceTree = BUILT_PRODUCTS_DIR; };
		76BEB67628C1C0A300B0C48B /* TinderApp.app */ = {isa = PBXFileReference; explicitFileType = wrapper.application; includeInIndex = 0; path = TinderApp.app; sourceTree = BUILT_PRODUCTS_DIR; };
		76BEB67828C1C0A300B0C48B /* macOS.entitlements */ = {isa = PBXFileReference; lastKnownFileType = text.plist.entitlements; path = macOS.entitlements; sourceTree = "<group>"; };
		76BEB68928C1C1FE00B0C48B /* UserSignUpViewModel.swift */ = {isa = PBXFileReference; lastKnownFileType = sourcecode.swift; path = UserSignUpViewModel.swift; sourceTree = "<group>"; };
		76BEB68B28C1C23200B0C48B /* User.swift */ = {isa = PBXFileReference; lastKnownFileType = sourcecode.swift; path = User.swift; sourceTree = "<group>"; };
		76BEB68D28C1C3E600B0C48B /* SignUpView.swift */ = {isa = PBXFileReference; lastKnownFileType = sourcecode.swift; path = SignUpView.swift; sourceTree = "<group>"; };
		76BEB69028C1C76900B0C48B /* UsernameValidation.swift */ = {isa = PBXFileReference; lastKnownFileType = sourcecode.swift; path = UsernameValidation.swift; sourceTree = "<group>"; };
		76CD374728C1D93C004AEE97 /* PasswordValidation.swift */ = {isa = PBXFileReference; lastKnownFileType = sourcecode.swift; path = PasswordValidation.swift; sourceTree = "<group>"; };
		76CD374928C1DA0C004AEE97 /* ConfirmPasswordValidation.swift */ = {isa = PBXFileReference; lastKnownFileType = sourcecode.swift; path = ConfirmPasswordValidation.swift; sourceTree = "<group>"; };
		76CD374B28C1E61D004AEE97 /* SignInView.swift */ = {isa = PBXFileReference; lastKnownFileType = sourcecode.swift; path = SignInView.swift; sourceTree = "<group>"; };
		76CD374D28C1E7D3004AEE97 /* GoogleService-Info.plist */ = {isa = PBXFileReference; fileEncoding = 4; lastKnownFileType = text.plist.xml; path = "GoogleService-Info.plist"; sourceTree = "<group>"; };
		76CD378728C1F313004AEE97 /* UserSignInViewModel.swift */ = {isa = PBXFileReference; lastKnownFileType = sourcecode.swift; path = UserSignInViewModel.swift; sourceTree = "<group>"; };
		76CD378A28C200B7004AEE97 /* HomeView.swift */ = {isa = PBXFileReference; lastKnownFileType = sourcecode.swift; path = HomeView.swift; sourceTree = "<group>"; };
/* End PBXFileReference section */

/* Begin PBXFrameworksBuildPhase section */
		76BEB66D28C1C0A300B0C48B /* Frameworks */ = {
			isa = PBXFrameworksBuildPhase;
			buildActionMask = 2147483647;
			files = (
				76CD376428C1E915004AEE97 /* FirebaseDatabase in Frameworks */,
				76CD377228C1E915004AEE97 /* FirebaseFunctionsCombine-Community in Frameworks */,
				76CD376A28C1E915004AEE97 /* FirebaseFirestore in Frameworks */,
				76CD375628C1E915004AEE97 /* FirebaseAnalyticsSwift in Frameworks */,
				76CD375228C1E915004AEE97 /* FirebaseAnalytics in Frameworks */,
				76CD375428C1E915004AEE97 /* FirebaseAnalyticsOnDeviceConversion in Frameworks */,
				76CD377A28C1E915004AEE97 /* FirebaseMLModelDownloader in Frameworks */,
				76CD376E28C1E915004AEE97 /* FirebaseFirestoreSwift in Frameworks */,
				76CD375A28C1E915004AEE97 /* FirebaseAppCheck in Frameworks */,
				76CD375828C1E915004AEE97 /* FirebaseAnalyticsWithoutAdIdSupport in Frameworks */,
				76CD375E28C1E915004AEE97 /* FirebaseAuth in Frameworks */,
				76CD376228C1E915004AEE97 /* FirebaseCrashlytics in Frameworks */,
				76CD378228C1E915004AEE97 /* FirebaseRemoteConfigSwift in Frameworks */,
				76CD377428C1E915004AEE97 /* FirebaseInAppMessaging-Beta in Frameworks */,
				76CD376628C1E915004AEE97 /* FirebaseDatabaseSwift in Frameworks */,
				76CD377028C1E915004AEE97 /* FirebaseFunctions in Frameworks */,
				76CD378628C1E915004AEE97 /* FirebaseStorageCombine-Community in Frameworks */,
				76CD378028C1E915004AEE97 /* FirebaseRemoteConfig in Frameworks */,
				76CD375C28C1E915004AEE97 /* FirebaseAppDistribution-Beta in Frameworks */,
				76CD376028C1E915004AEE97 /* FirebaseAuthCombine-Community in Frameworks */,
				76CD377E28C1E915004AEE97 /* FirebasePerformance in Frameworks */,
				76CD377628C1E915004AEE97 /* FirebaseInAppMessagingSwift-Beta in Frameworks */,
				76CD378428C1E915004AEE97 /* FirebaseStorage in Frameworks */,
				76CD376828C1E915004AEE97 /* FirebaseDynamicLinks in Frameworks */,
				76CD376C28C1E915004AEE97 /* FirebaseFirestoreCombine-Community in Frameworks */,
				76CD377C28C1E915004AEE97 /* FirebaseMessaging in Frameworks */,
				76CD377828C1E915004AEE97 /* FirebaseInstallations in Frameworks */,
			);
			runOnlyForDeploymentPostprocessing = 0;
		};
		76BEB67328C1C0A300B0C48B /* Frameworks */ = {
			isa = PBXFrameworksBuildPhase;
			buildActionMask = 2147483647;
			files = (
			);
			runOnlyForDeploymentPostprocessing = 0;
		};
/* End PBXFrameworksBuildPhase section */

/* Begin PBXGroup section */
		76BEB66328C1C09C00B0C48B = {
			isa = PBXGroup;
			children = (
				76CD374D28C1E7D3004AEE97 /* GoogleService-Info.plist */,
				76CD374328C1CB49004AEE97 /* View */,
				76BEB68F28C1C75300B0C48B /* Utility */,
				76BEB68828C1C0F100B0C48B /* Model */,
				76BEB68728C1C0BE00B0C48B /* ModelView */,
				76BEB66828C1C09C00B0C48B /* Shared */,
				76BEB67728C1C0A300B0C48B /* macOS */,
				76BEB67128C1C0A300B0C48B /* Products */,
			);
			sourceTree = "<group>";
		};
		76BEB66828C1C09C00B0C48B /* Shared */ = {
			isa = PBXGroup;
			children = (
				76BEB66928C1C09C00B0C48B /* TinderApp.swift */,
				76BEB66A28C1C09C00B0C48B /* ContentView.swift */,
				76BEB66B28C1C0A300B0C48B /* Assets.xcassets */,
			);
			path = Shared;
			sourceTree = "<group>";
		};
		76BEB67128C1C0A300B0C48B /* Products */ = {
			isa = PBXGroup;
			children = (
				76BEB67028C1C0A300B0C48B /* TinderApp.app */,
				76BEB67628C1C0A300B0C48B /* TinderApp.app */,
			);
			name = Products;
			sourceTree = "<group>";
		};
		76BEB67728C1C0A300B0C48B /* macOS */ = {
			isa = PBXGroup;
			children = (
				76BEB67828C1C0A300B0C48B /* macOS.entitlements */,
			);
			path = macOS;
			sourceTree = "<group>";
		};
		76BEB68728C1C0BE00B0C48B /* ModelView */ = {
			isa = PBXGroup;
			children = (
				76BEB68928C1C1FE00B0C48B /* UserSignUpViewModel.swift */,
				76CD378728C1F313004AEE97 /* UserSignInViewModel.swift */,
			);
			path = ModelView;
			sourceTree = "<group>";
		};
		76BEB68828C1C0F100B0C48B /* Model */ = {
			isa = PBXGroup;
			children = (
				76BEB68B28C1C23200B0C48B /* User.swift */,
			);
			path = Model;
			sourceTree = "<group>";
		};
		76BEB68F28C1C75300B0C48B /* Utility */ = {
			isa = PBXGroup;
			children = (
				76BEB69028C1C76900B0C48B /* UsernameValidation.swift */,
				76CD374728C1D93C004AEE97 /* PasswordValidation.swift */,
				76CD374928C1DA0C004AEE97 /* ConfirmPasswordValidation.swift */,
			);
			path = Utility;
			sourceTree = "<group>";
		};
		76CD374328C1CB49004AEE97 /* View */ = {
			isa = PBXGroup;
			children = (
				76BEB68D28C1C3E600B0C48B /* SignUpView.swift */,
				76CD374B28C1E61D004AEE97 /* SignInView.swift */,
				76CD378A28C200B7004AEE97 /* HomeView.swift */,
			);
			path = View;
			sourceTree = "<group>";
		};
/* End PBXGroup section */

/* Begin PBXNativeTarget section */
		76BEB66F28C1C0A300B0C48B /* TinderApp (iOS) */ = {
			isa = PBXNativeTarget;
			buildConfigurationList = 76BEB68128C1C0A300B0C48B /* Build configuration list for PBXNativeTarget "TinderApp (iOS)" */;
			buildPhases = (
				76BEB66C28C1C0A300B0C48B /* Sources */,
				76BEB66D28C1C0A300B0C48B /* Frameworks */,
				76BEB66E28C1C0A300B0C48B /* Resources */,
			);
			buildRules = (
			);
			dependencies = (
			);
			name = "TinderApp (iOS)";
			packageProductDependencies = (
				76CD375128C1E915004AEE97 /* FirebaseAnalytics */,
				76CD375328C1E915004AEE97 /* FirebaseAnalyticsOnDeviceConversion */,
				76CD375528C1E915004AEE97 /* FirebaseAnalyticsSwift */,
				76CD375728C1E915004AEE97 /* FirebaseAnalyticsWithoutAdIdSupport */,
				76CD375928C1E915004AEE97 /* FirebaseAppCheck */,
				76CD375B28C1E915004AEE97 /* FirebaseAppDistribution-Beta */,
				76CD375D28C1E915004AEE97 /* FirebaseAuth */,
				76CD375F28C1E915004AEE97 /* FirebaseAuthCombine-Community */,
				76CD376128C1E915004AEE97 /* FirebaseCrashlytics */,
				76CD376328C1E915004AEE97 /* FirebaseDatabase */,
				76CD376528C1E915004AEE97 /* FirebaseDatabaseSwift */,
				76CD376728C1E915004AEE97 /* FirebaseDynamicLinks */,
				76CD376928C1E915004AEE97 /* FirebaseFirestore */,
				76CD376B28C1E915004AEE97 /* FirebaseFirestoreCombine-Community */,
				76CD376D28C1E915004AEE97 /* FirebaseFirestoreSwift */,
				76CD376F28C1E915004AEE97 /* FirebaseFunctions */,
				76CD377128C1E915004AEE97 /* FirebaseFunctionsCombine-Community */,
				76CD377328C1E915004AEE97 /* FirebaseInAppMessaging-Beta */,
				76CD377528C1E915004AEE97 /* FirebaseInAppMessagingSwift-Beta */,
				76CD377728C1E915004AEE97 /* FirebaseInstallations */,
				76CD377928C1E915004AEE97 /* FirebaseMLModelDownloader */,
				76CD377B28C1E915004AEE97 /* FirebaseMessaging */,
				76CD377D28C1E915004AEE97 /* FirebasePerformance */,
				76CD377F28C1E915004AEE97 /* FirebaseRemoteConfig */,
				76CD378128C1E915004AEE97 /* FirebaseRemoteConfigSwift */,
				76CD378328C1E915004AEE97 /* FirebaseStorage */,
				76CD378528C1E915004AEE97 /* FirebaseStorageCombine-Community */,
			);
			productName = "TinderApp (iOS)";
			productReference = 76BEB67028C1C0A300B0C48B /* TinderApp.app */;
			productType = "com.apple.product-type.application";
		};
		76BEB67528C1C0A300B0C48B /* TinderApp (macOS) */ = {
			isa = PBXNativeTarget;
			buildConfigurationList = 76BEB68428C1C0A300B0C48B /* Build configuration list for PBXNativeTarget "TinderApp (macOS)" */;
			buildPhases = (
				76BEB67228C1C0A300B0C48B /* Sources */,
				76BEB67328C1C0A300B0C48B /* Frameworks */,
				76BEB67428C1C0A300B0C48B /* Resources */,
			);
			buildRules = (
			);
			dependencies = (
			);
			name = "TinderApp (macOS)";
			productName = "TinderApp (macOS)";
			productReference = 76BEB67628C1C0A300B0C48B /* TinderApp.app */;
			productType = "com.apple.product-type.application";
		};
/* End PBXNativeTarget section */

/* Begin PBXProject section */
		76BEB66428C1C09C00B0C48B /* Project object */ = {
			isa = PBXProject;
			attributes = {
				BuildIndependentTargetsInParallel = 1;
				LastSwiftUpdateCheck = 1340;
				LastUpgradeCheck = 1340;
				TargetAttributes = {
					76BEB66F28C1C0A300B0C48B = {
						CreatedOnToolsVersion = 13.4.1;
					};
					76BEB67528C1C0A300B0C48B = {
						CreatedOnToolsVersion = 13.4.1;
					};
				};
			};
			buildConfigurationList = 76BEB66728C1C09C00B0C48B /* Build configuration list for PBXProject "TinderApp" */;
			compatibilityVersion = "Xcode 13.0";
			developmentRegion = en;
			hasScannedForEncodings = 0;
			knownRegions = (
				en,
				Base,
			);
			mainGroup = 76BEB66328C1C09C00B0C48B;
			packageReferences = (
				76CD375028C1E915004AEE97 /* XCRemoteSwiftPackageReference "firebase-ios-sdk" */,
			);
			productRefGroup = 76BEB67128C1C0A300B0C48B /* Products */;
			projectDirPath = "";
			projectRoot = "";
			targets = (
				76BEB66F28C1C0A300B0C48B /* TinderApp (iOS) */,
				76BEB67528C1C0A300B0C48B /* TinderApp (macOS) */,
			);
		};
/* End PBXProject section */

/* Begin PBXResourcesBuildPhase section */
		76BEB66E28C1C0A300B0C48B /* Resources */ = {
			isa = PBXResourcesBuildPhase;
			buildActionMask = 2147483647;
			files = (
				76BEB67D28C1C0A300B0C48B /* Assets.xcassets in Resources */,
				76CD374E28C1E7D3004AEE97 /* GoogleService-Info.plist in Resources */,
			);
			runOnlyForDeploymentPostprocessing = 0;
		};
		76BEB67428C1C0A300B0C48B /* Resources */ = {
			isa = PBXResourcesBuildPhase;
			buildActionMask = 2147483647;
			files = (
				76BEB67E28C1C0A300B0C48B /* Assets.xcassets in Resources */,
				76CD374F28C1E7D3004AEE97 /* GoogleService-Info.plist in Resources */,
			);
			runOnlyForDeploymentPostprocessing = 0;
		};
/* End PBXResourcesBuildPhase section */

/* Begin PBXSourcesBuildPhase section */
		76BEB66C28C1C0A300B0C48B /* Sources */ = {
			isa = PBXSourcesBuildPhase;
			buildActionMask = 2147483647;
			files = (
				76CD374C28C1E61D004AEE97 /* SignInView.swift in Sources */,
				76CD378828C1F313004AEE97 /* UserSignInViewModel.swift in Sources */,
				76BEB68C28C1C23200B0C48B /* User.swift in Sources */,
				76BEB68A28C1C1FE00B0C48B /* UserSignUpViewModel.swift in Sources */,
				76BEB69128C1C76900B0C48B /* UsernameValidation.swift in Sources */,
				76CD378B28C200B8004AEE97 /* HomeView.swift in Sources */,
				76BEB67B28C1C0A300B0C48B /* ContentView.swift in Sources */,
				76BEB68E28C1C3E600B0C48B /* SignUpView.swift in Sources */,
				76CD374828C1D93C004AEE97 /* PasswordValidation.swift in Sources */,
				76CD374A28C1DA0C004AEE97 /* ConfirmPasswordValidation.swift in Sources */,
				76BEB67928C1C0A300B0C48B /* TinderApp.swift in Sources */,
			);
			runOnlyForDeploymentPostprocessing = 0;
		};
		76BEB67228C1C0A300B0C48B /* Sources */ = {
			isa = PBXSourcesBuildPhase;
			buildActionMask = 2147483647;
			files = (
				76BEB67C28C1C0A300B0C48B /* ContentView.swift in Sources */,
				76CD378C28C200B8004AEE97 /* HomeView.swift in Sources */,
				76BEB67A28C1C0A300B0C48B /* TinderApp.swift in Sources */,
				76CD378928C1F313004AEE97 /* UserSignInViewModel.swift in Sources */,
			);
			runOnlyForDeploymentPostprocessing = 0;
		};
/* End PBXSourcesBuildPhase section */

/* Begin XCBuildConfiguration section */
		76BEB67F28C1C0A300B0C48B /* Debug */ = {
			isa = XCBuildConfiguration;
			buildSettings = {
				ALWAYS_SEARCH_USER_PATHS = NO;
				CLANG_ANALYZER_NONNULL = YES;
				CLANG_ANALYZER_NUMBER_OBJECT_CONVERSION = YES_AGGRESSIVE;
				CLANG_CXX_LANGUAGE_STANDARD = "gnu++17";
				CLANG_ENABLE_MODULES = YES;
				CLANG_ENABLE_OBJC_ARC = YES;
				CLANG_ENABLE_OBJC_WEAK = YES;
				CLANG_WARN_BLOCK_CAPTURE_AUTORELEASING = YES;
				CLANG_WARN_BOOL_CONVERSION = YES;
				CLANG_WARN_COMMA = YES;
				CLANG_WARN_CONSTANT_CONVERSION = YES;
				CLANG_WARN_DEPRECATED_OBJC_IMPLEMENTATIONS = YES;
				CLANG_WARN_DIRECT_OBJC_ISA_USAGE = YES_ERROR;
				CLANG_WARN_DOCUMENTATION_COMMENTS = YES;
				CLANG_WARN_EMPTY_BODY = YES;
				CLANG_WARN_ENUM_CONVERSION = YES;
				CLANG_WARN_INFINITE_RECURSION = YES;
				CLANG_WARN_INT_CONVERSION = YES;
				CLANG_WARN_NON_LITERAL_NULL_CONVERSION = YES;
				CLANG_WARN_OBJC_IMPLICIT_RETAIN_SELF = YES;
				CLANG_WARN_OBJC_LITERAL_CONVERSION = YES;
				CLANG_WARN_OBJC_ROOT_CLASS = YES_ERROR;
				CLANG_WARN_QUOTED_INCLUDE_IN_FRAMEWORK_HEADER = YES;
				CLANG_WARN_RANGE_LOOP_ANALYSIS = YES;
				CLANG_WARN_STRICT_PROTOTYPES = YES;
				CLANG_WARN_SUSPICIOUS_MOVE = YES;
				CLANG_WARN_UNGUARDED_AVAILABILITY = YES_AGGRESSIVE;
				CLANG_WARN_UNREACHABLE_CODE = YES;
				CLANG_WARN__DUPLICATE_METHOD_MATCH = YES;
				COPY_PHASE_STRIP = NO;
				DEBUG_INFORMATION_FORMAT = dwarf;
				ENABLE_STRICT_OBJC_MSGSEND = YES;
				ENABLE_TESTABILITY = YES;
				GCC_C_LANGUAGE_STANDARD = gnu11;
				GCC_DYNAMIC_NO_PIC = NO;
				GCC_NO_COMMON_BLOCKS = YES;
				GCC_OPTIMIZATION_LEVEL = 0;
				GCC_PREPROCESSOR_DEFINITIONS = (
					"DEBUG=1",
					"$(inherited)",
				);
				GCC_WARN_64_TO_32_BIT_CONVERSION = YES;
				GCC_WARN_ABOUT_RETURN_TYPE = YES_ERROR;
				GCC_WARN_UNDECLARED_SELECTOR = YES;
				GCC_WARN_UNINITIALIZED_AUTOS = YES_AGGRESSIVE;
				GCC_WARN_UNUSED_FUNCTION = YES;
				GCC_WARN_UNUSED_VARIABLE = YES;
				MTL_ENABLE_DEBUG_INFO = INCLUDE_SOURCE;
				MTL_FAST_MATH = YES;
				ONLY_ACTIVE_ARCH = YES;
				SWIFT_ACTIVE_COMPILATION_CONDITIONS = DEBUG;
				SWIFT_OPTIMIZATION_LEVEL = "-Onone";
			};
			name = Debug;
		};
		76BEB68028C1C0A300B0C48B /* Release */ = {
			isa = XCBuildConfiguration;
			buildSettings = {
				ALWAYS_SEARCH_USER_PATHS = NO;
				CLANG_ANALYZER_NONNULL = YES;
				CLANG_ANALYZER_NUMBER_OBJECT_CONVERSION = YES_AGGRESSIVE;
				CLANG_CXX_LANGUAGE_STANDARD = "gnu++17";
				CLANG_ENABLE_MODULES = YES;
				CLANG_ENABLE_OBJC_ARC = YES;
				CLANG_ENABLE_OBJC_WEAK = YES;
				CLANG_WARN_BLOCK_CAPTURE_AUTORELEASING = YES;
				CLANG_WARN_BOOL_CONVERSION = YES;
				CLANG_WARN_COMMA = YES;
				CLANG_WARN_CONSTANT_CONVERSION = YES;
				CLANG_WARN_DEPRECATED_OBJC_IMPLEMENTATIONS = YES;
				CLANG_WARN_DIRECT_OBJC_ISA_USAGE = YES_ERROR;
				CLANG_WARN_DOCUMENTATION_COMMENTS = YES;
				CLANG_WARN_EMPTY_BODY = YES;
				CLANG_WARN_ENUM_CONVERSION = YES;
				CLANG_WARN_INFINITE_RECURSION = YES;
				CLANG_WARN_INT_CONVERSION = YES;
				CLANG_WARN_NON_LITERAL_NULL_CONVERSION = YES;
				CLANG_WARN_OBJC_IMPLICIT_RETAIN_SELF = YES;
				CLANG_WARN_OBJC_LITERAL_CONVERSION = YES;
				CLANG_WARN_OBJC_ROOT_CLASS = YES_ERROR;
				CLANG_WARN_QUOTED_INCLUDE_IN_FRAMEWORK_HEADER = YES;
				CLANG_WARN_RANGE_LOOP_ANALYSIS = YES;
				CLANG_WARN_STRICT_PROTOTYPES = YES;
				CLANG_WARN_SUSPICIOUS_MOVE = YES;
				CLANG_WARN_UNGUARDED_AVAILABILITY = YES_AGGRESSIVE;
				CLANG_WARN_UNREACHABLE_CODE = YES;
				CLANG_WARN__DUPLICATE_METHOD_MATCH = YES;
				COPY_PHASE_STRIP = NO;
				DEBUG_INFORMATION_FORMAT = "dwarf-with-dsym";
				ENABLE_NS_ASSERTIONS = NO;
				ENABLE_STRICT_OBJC_MSGSEND = YES;
				GCC_C_LANGUAGE_STANDARD = gnu11;
				GCC_NO_COMMON_BLOCKS = YES;
				GCC_WARN_64_TO_32_BIT_CONVERSION = YES;
				GCC_WARN_ABOUT_RETURN_TYPE = YES_ERROR;
				GCC_WARN_UNDECLARED_SELECTOR = YES;
				GCC_WARN_UNINITIALIZED_AUTOS = YES_AGGRESSIVE;
				GCC_WARN_UNUSED_FUNCTION = YES;
				GCC_WARN_UNUSED_VARIABLE = YES;
				MTL_ENABLE_DEBUG_INFO = NO;
				MTL_FAST_MATH = YES;
				SWIFT_COMPILATION_MODE = wholemodule;
				SWIFT_OPTIMIZATION_LEVEL = "-O";
			};
			name = Release;
		};
		76BEB68228C1C0A300B0C48B /* Debug */ = {
			isa = XCBuildConfiguration;
			buildSettings = {
				ASSETCATALOG_COMPILER_APPICON_NAME = AppIcon;
				ASSETCATALOG_COMPILER_GLOBAL_ACCENT_COLOR_NAME = AccentColor;
				CODE_SIGN_STYLE = Automatic;
				CURRENT_PROJECT_VERSION = 1;
				ENABLE_PREVIEWS = YES;
				GENERATE_INFOPLIST_FILE = YES;
				INFOPLIST_KEY_UIApplicationSceneManifest_Generation = YES;
				INFOPLIST_KEY_UIApplicationSupportsIndirectInputEvents = YES;
				INFOPLIST_KEY_UILaunchScreen_Generation = YES;
				INFOPLIST_KEY_UISupportedInterfaceOrientations_iPad = "UIInterfaceOrientationPortrait UIInterfaceOrientationPortraitUpsideDown UIInterfaceOrientationLandscapeLeft UIInterfaceOrientationLandscapeRight";
				INFOPLIST_KEY_UISupportedInterfaceOrientations_iPhone = "UIInterfaceOrientationPortrait UIInterfaceOrientationLandscapeLeft UIInterfaceOrientationLandscapeRight";
				IPHONEOS_DEPLOYMENT_TARGET = 15.5;
				LD_RUNPATH_SEARCH_PATHS = (
					"$(inherited)",
					"@executable_path/Frameworks",
				);
				MARKETING_VERSION = 1.0;
				PRODUCT_BUNDLE_IDENTIFIER = org.s3791159.TinderApp;
				PRODUCT_NAME = TinderApp;
				SDKROOT = iphoneos;
				SWIFT_EMIT_LOC_STRINGS = YES;
				SWIFT_VERSION = 5.0;
				TARGETED_DEVICE_FAMILY = "1,2";
			};
			name = Debug;
		};
		76BEB68328C1C0A300B0C48B /* Release */ = {
			isa = XCBuildConfiguration;
			buildSettings = {
				ASSETCATALOG_COMPILER_APPICON_NAME = AppIcon;
				ASSETCATALOG_COMPILER_GLOBAL_ACCENT_COLOR_NAME = AccentColor;
				CODE_SIGN_STYLE = Automatic;
				CURRENT_PROJECT_VERSION = 1;
				ENABLE_PREVIEWS = YES;
				GENERATE_INFOPLIST_FILE = YES;
				INFOPLIST_KEY_UIApplicationSceneManifest_Generation = YES;
				INFOPLIST_KEY_UIApplicationSupportsIndirectInputEvents = YES;
				INFOPLIST_KEY_UILaunchScreen_Generation = YES;
				INFOPLIST_KEY_UISupportedInterfaceOrientations_iPad = "UIInterfaceOrientationPortrait UIInterfaceOrientationPortraitUpsideDown UIInterfaceOrientationLandscapeLeft UIInterfaceOrientationLandscapeRight";
				INFOPLIST_KEY_UISupportedInterfaceOrientations_iPhone = "UIInterfaceOrientationPortrait UIInterfaceOrientationLandscapeLeft UIInterfaceOrientationLandscapeRight";
				IPHONEOS_DEPLOYMENT_TARGET = 15.5;
				LD_RUNPATH_SEARCH_PATHS = (
					"$(inherited)",
					"@executable_path/Frameworks",
				);
				MARKETING_VERSION = 1.0;
				PRODUCT_BUNDLE_IDENTIFIER = org.s3791159.TinderApp;
				PRODUCT_NAME = TinderApp;
				SDKROOT = iphoneos;
				SWIFT_EMIT_LOC_STRINGS = YES;
				SWIFT_VERSION = 5.0;
				TARGETED_DEVICE_FAMILY = "1,2";
				VALIDATE_PRODUCT = YES;
			};
			name = Release;
		};
		76BEB68528C1C0A300B0C48B /* Debug */ = {
			isa = XCBuildConfiguration;
			buildSettings = {
				ASSETCATALOG_COMPILER_APPICON_NAME = AppIcon;
				ASSETCATALOG_COMPILER_GLOBAL_ACCENT_COLOR_NAME = AccentColor;
				CODE_SIGN_ENTITLEMENTS = macOS/macOS.entitlements;
				CODE_SIGN_STYLE = Automatic;
				COMBINE_HIDPI_IMAGES = YES;
				CURRENT_PROJECT_VERSION = 1;
				ENABLE_PREVIEWS = YES;
				GENERATE_INFOPLIST_FILE = YES;
				INFOPLIST_KEY_NSHumanReadableCopyright = "";
				LD_RUNPATH_SEARCH_PATHS = (
					"$(inherited)",
					"@executable_path/../Frameworks",
				);
				MACOSX_DEPLOYMENT_TARGET = 12.3;
				MARKETING_VERSION = 1.0;
				PRODUCT_BUNDLE_IDENTIFIER = org.s3791159.TinderApp;
				PRODUCT_NAME = TinderApp;
				SDKROOT = macosx;
				SWIFT_EMIT_LOC_STRINGS = YES;
				SWIFT_VERSION = 5.0;
			};
			name = Debug;
		};
		76BEB68628C1C0A300B0C48B /* Release */ = {
			isa = XCBuildConfiguration;
			buildSettings = {
				ASSETCATALOG_COMPILER_APPICON_NAME = AppIcon;
				ASSETCATALOG_COMPILER_GLOBAL_ACCENT_COLOR_NAME = AccentColor;
				CODE_SIGN_ENTITLEMENTS = macOS/macOS.entitlements;
				CODE_SIGN_STYLE = Automatic;
				COMBINE_HIDPI_IMAGES = YES;
				CURRENT_PROJECT_VERSION = 1;
				ENABLE_PREVIEWS = YES;
				GENERATE_INFOPLIST_FILE = YES;
				INFOPLIST_KEY_NSHumanReadableCopyright = "";
				LD_RUNPATH_SEARCH_PATHS = (
					"$(inherited)",
					"@executable_path/../Frameworks",
				);
				MACOSX_DEPLOYMENT_TARGET = 12.3;
				MARKETING_VERSION = 1.0;
				PRODUCT_BUNDLE_IDENTIFIER = org.s3791159.TinderApp;
				PRODUCT_NAME = TinderApp;
				SDKROOT = macosx;
				SWIFT_EMIT_LOC_STRINGS = YES;
				SWIFT_VERSION = 5.0;
			};
			name = Release;
		};
/* End XCBuildConfiguration section */

/* Begin XCConfigurationList section */
		76BEB66728C1C09C00B0C48B /* Build configuration list for PBXProject "TinderApp" */ = {
			isa = XCConfigurationList;
			buildConfigurations = (
				76BEB67F28C1C0A300B0C48B /* Debug */,
				76BEB68028C1C0A300B0C48B /* Release */,
			);
			defaultConfigurationIsVisible = 0;
			defaultConfigurationName = Release;
		};
		76BEB68128C1C0A300B0C48B /* Build configuration list for PBXNativeTarget "TinderApp (iOS)" */ = {
			isa = XCConfigurationList;
			buildConfigurations = (
				76BEB68228C1C0A300B0C48B /* Debug */,
				76BEB68328C1C0A300B0C48B /* Release */,
			);
			defaultConfigurationIsVisible = 0;
			defaultConfigurationName = Release;
		};
		76BEB68428C1C0A300B0C48B /* Build configuration list for PBXNativeTarget "TinderApp (macOS)" */ = {
			isa = XCConfigurationList;
			buildConfigurations = (
				76BEB68528C1C0A300B0C48B /* Debug */,
				76BEB68628C1C0A300B0C48B /* Release */,
			);
			defaultConfigurationIsVisible = 0;
			defaultConfigurationName = Release;
		};
/* End XCConfigurationList section */

/* Begin XCRemoteSwiftPackageReference section */
		76CD375028C1E915004AEE97 /* XCRemoteSwiftPackageReference "firebase-ios-sdk" */ = {
			isa = XCRemoteSwiftPackageReference;
			repositoryURL = "https://github.com/firebase/firebase-ios-sdk";
			requirement = {
				kind = upToNextMajorVersion;
				minimumVersion = 9.0.0;
			};
		};
/* End XCRemoteSwiftPackageReference section */

/* Begin XCSwiftPackageProductDependency section */
		76CD375128C1E915004AEE97 /* FirebaseAnalytics */ = {
			isa = XCSwiftPackageProductDependency;
			package = 76CD375028C1E915004AEE97 /* XCRemoteSwiftPackageReference "firebase-ios-sdk" */;
			productName = FirebaseAnalytics;
		};
		76CD375328C1E915004AEE97 /* FirebaseAnalyticsOnDeviceConversion */ = {
			isa = XCSwiftPackageProductDependency;
			package = 76CD375028C1E915004AEE97 /* XCRemoteSwiftPackageReference "firebase-ios-sdk" */;
			productName = FirebaseAnalyticsOnDeviceConversion;
		};
		76CD375528C1E915004AEE97 /* FirebaseAnalyticsSwift */ = {
			isa = XCSwiftPackageProductDependency;
			package = 76CD375028C1E915004AEE97 /* XCRemoteSwiftPackageReference "firebase-ios-sdk" */;
			productName = FirebaseAnalyticsSwift;
		};
		76CD375728C1E915004AEE97 /* FirebaseAnalyticsWithoutAdIdSupport */ = {
			isa = XCSwiftPackageProductDependency;
			package = 76CD375028C1E915004AEE97 /* XCRemoteSwiftPackageReference "firebase-ios-sdk" */;
			productName = FirebaseAnalyticsWithoutAdIdSupport;
		};
		76CD375928C1E915004AEE97 /* FirebaseAppCheck */ = {
			isa = XCSwiftPackageProductDependency;
			package = 76CD375028C1E915004AEE97 /* XCRemoteSwiftPackageReference "firebase-ios-sdk" */;
			productName = FirebaseAppCheck;
		};
		76CD375B28C1E915004AEE97 /* FirebaseAppDistribution-Beta */ = {
			isa = XCSwiftPackageProductDependency;
			package = 76CD375028C1E915004AEE97 /* XCRemoteSwiftPackageReference "firebase-ios-sdk" */;
			productName = "FirebaseAppDistribution-Beta";
		};
		76CD375D28C1E915004AEE97 /* FirebaseAuth */ = {
			isa = XCSwiftPackageProductDependency;
			package = 76CD375028C1E915004AEE97 /* XCRemoteSwiftPackageReference "firebase-ios-sdk" */;
			productName = FirebaseAuth;
		};
		76CD375F28C1E915004AEE97 /* FirebaseAuthCombine-Community */ = {
			isa = XCSwiftPackageProductDependency;
			package = 76CD375028C1E915004AEE97 /* XCRemoteSwiftPackageReference "firebase-ios-sdk" */;
			productName = "FirebaseAuthCombine-Community";
		};
		76CD376128C1E915004AEE97 /* FirebaseCrashlytics */ = {
			isa = XCSwiftPackageProductDependency;
			package = 76CD375028C1E915004AEE97 /* XCRemoteSwiftPackageReference "firebase-ios-sdk" */;
			productName = FirebaseCrashlytics;
		};
		76CD376328C1E915004AEE97 /* FirebaseDatabase */ = {
			isa = XCSwiftPackageProductDependency;
			package = 76CD375028C1E915004AEE97 /* XCRemoteSwiftPackageReference "firebase-ios-sdk" */;
			productName = FirebaseDatabase;
		};
		76CD376528C1E915004AEE97 /* FirebaseDatabaseSwift */ = {
			isa = XCSwiftPackageProductDependency;
			package = 76CD375028C1E915004AEE97 /* XCRemoteSwiftPackageReference "firebase-ios-sdk" */;
			productName = FirebaseDatabaseSwift;
		};
		76CD376728C1E915004AEE97 /* FirebaseDynamicLinks */ = {
			isa = XCSwiftPackageProductDependency;
			package = 76CD375028C1E915004AEE97 /* XCRemoteSwiftPackageReference "firebase-ios-sdk" */;
			productName = FirebaseDynamicLinks;
		};
		76CD376928C1E915004AEE97 /* FirebaseFirestore */ = {
			isa = XCSwiftPackageProductDependency;
			package = 76CD375028C1E915004AEE97 /* XCRemoteSwiftPackageReference "firebase-ios-sdk" */;
			productName = FirebaseFirestore;
		};
		76CD376B28C1E915004AEE97 /* FirebaseFirestoreCombine-Community */ = {
			isa = XCSwiftPackageProductDependency;
			package = 76CD375028C1E915004AEE97 /* XCRemoteSwiftPackageReference "firebase-ios-sdk" */;
			productName = "FirebaseFirestoreCombine-Community";
		};
		76CD376D28C1E915004AEE97 /* FirebaseFirestoreSwift */ = {
			isa = XCSwiftPackageProductDependency;
			package = 76CD375028C1E915004AEE97 /* XCRemoteSwiftPackageReference "firebase-ios-sdk" */;
			productName = FirebaseFirestoreSwift;
		};
		76CD376F28C1E915004AEE97 /* FirebaseFunctions */ = {
			isa = XCSwiftPackageProductDependency;
			package = 76CD375028C1E915004AEE97 /* XCRemoteSwiftPackageReference "firebase-ios-sdk" */;
			productName = FirebaseFunctions;
		};
		76CD377128C1E915004AEE97 /* FirebaseFunctionsCombine-Community */ = {
			isa = XCSwiftPackageProductDependency;
			package = 76CD375028C1E915004AEE97 /* XCRemoteSwiftPackageReference "firebase-ios-sdk" */;
			productName = "FirebaseFunctionsCombine-Community";
		};
		76CD377328C1E915004AEE97 /* FirebaseInAppMessaging-Beta */ = {
			isa = XCSwiftPackageProductDependency;
			package = 76CD375028C1E915004AEE97 /* XCRemoteSwiftPackageReference "firebase-ios-sdk" */;
			productName = "FirebaseInAppMessaging-Beta";
		};
		76CD377528C1E915004AEE97 /* FirebaseInAppMessagingSwift-Beta */ = {
			isa = XCSwiftPackageProductDependency;
			package = 76CD375028C1E915004AEE97 /* XCRemoteSwiftPackageReference "firebase-ios-sdk" */;
			productName = "FirebaseInAppMessagingSwift-Beta";
		};
		76CD377728C1E915004AEE97 /* FirebaseInstallations */ = {
			isa = XCSwiftPackageProductDependency;
			package = 76CD375028C1E915004AEE97 /* XCRemoteSwiftPackageReference "firebase-ios-sdk" */;
			productName = FirebaseInstallations;
		};
		76CD377928C1E915004AEE97 /* FirebaseMLModelDownloader */ = {
			isa = XCSwiftPackageProductDependency;
			package = 76CD375028C1E915004AEE97 /* XCRemoteSwiftPackageReference "firebase-ios-sdk" */;
			productName = FirebaseMLModelDownloader;
		};
		76CD377B28C1E915004AEE97 /* FirebaseMessaging */ = {
			isa = XCSwiftPackageProductDependency;
			package = 76CD375028C1E915004AEE97 /* XCRemoteSwiftPackageReference "firebase-ios-sdk" */;
			productName = FirebaseMessaging;
		};
		76CD377D28C1E915004AEE97 /* FirebasePerformance */ = {
			isa = XCSwiftPackageProductDependency;
			package = 76CD375028C1E915004AEE97 /* XCRemoteSwiftPackageReference "firebase-ios-sdk" */;
			productName = FirebasePerformance;
		};
		76CD377F28C1E915004AEE97 /* FirebaseRemoteConfig */ = {
			isa = XCSwiftPackageProductDependency;
			package = 76CD375028C1E915004AEE97 /* XCRemoteSwiftPackageReference "firebase-ios-sdk" */;
			productName = FirebaseRemoteConfig;
		};
		76CD378128C1E915004AEE97 /* FirebaseRemoteConfigSwift */ = {
			isa = XCSwiftPackageProductDependency;
			package = 76CD375028C1E915004AEE97 /* XCRemoteSwiftPackageReference "firebase-ios-sdk" */;
			productName = FirebaseRemoteConfigSwift;
		};
		76CD378328C1E915004AEE97 /* FirebaseStorage */ = {
			isa = XCSwiftPackageProductDependency;
			package = 76CD375028C1E915004AEE97 /* XCRemoteSwiftPackageReference "firebase-ios-sdk" */;
			productName = FirebaseStorage;
		};
		76CD378528C1E915004AEE97 /* FirebaseStorageCombine-Community */ = {
			isa = XCSwiftPackageProductDependency;
			package = 76CD375028C1E915004AEE97 /* XCRemoteSwiftPackageReference "firebase-ios-sdk" */;
			productName = "FirebaseStorageCombine-Community";
		};
/* End XCSwiftPackageProductDependency section */
	};
	rootObject = 76BEB66428C1C09C00B0C48B /* Project object */;
}
